// !$*UTF8*$!
{
	archiveVersion = 1;
	classes = {
	};
	objectVersion = 51;
	objects = {

/* Begin PBXBuildFile section */
		246FCEC5C84D8B9CEB31A870 /* Pods_MovieDBTests.framework in Frameworks */ = {isa = PBXBuildFile; fileRef = C18971C520390FA1373F5BFA /* Pods_MovieDBTests.framework */; };
		3339CFA124D8A3AF269ACDAF /* Pods_MovieDB.framework in Frameworks */ = {isa = PBXBuildFile; fileRef = 9F926BC359255E1A6A2C6654 /* Pods_MovieDB.framework */; };
		5525FE32C05068F9798FF26E /* Pods_MovieDBUITests.framework in Frameworks */ = {isa = PBXBuildFile; fileRef = EB413F2476E457506DF281E0 /* Pods_MovieDBUITests.framework */; };
		B840C3BD235A0219006E1D1E /* Assets.xcassets in Resources */ = {isa = PBXBuildFile; fileRef = B840C3BC235A0219006E1D1E /* Assets.xcassets */; };
		B840C3C0235A0219006E1D1E /* LaunchScreen.storyboard in Resources */ = {isa = PBXBuildFile; fileRef = B840C3BE235A0219006E1D1E /* LaunchScreen.storyboard */; };
		B840C3CB235A0219006E1D1E /* MovieDBTests.swift in Sources */ = {isa = PBXBuildFile; fileRef = B840C3CA235A0219006E1D1E /* MovieDBTests.swift */; };
		B840C3D6235A0219006E1D1E /* MovieDBUITests.swift in Sources */ = {isa = PBXBuildFile; fileRef = B840C3D5235A0219006E1D1E /* MovieDBUITests.swift */; };
		D021CF12235C70DC00196E1F /* Localizable.strings in Resources */ = {isa = PBXBuildFile; fileRef = D021CF05235C70DC00196E1F /* Localizable.strings */; };
		D021CF13235C70DC00196E1F /* AppCoordinator.swift in Sources */ = {isa = PBXBuildFile; fileRef = D021CF08235C70DC00196E1F /* AppCoordinator.swift */; };
		D021CF14235C70DC00196E1F /* CoordinatorProtocol.swift in Sources */ = {isa = PBXBuildFile; fileRef = D021CF09235C70DC00196E1F /* CoordinatorProtocol.swift */; };
		D021CF15235C70DC00196E1F /* APIError.swift in Sources */ = {isa = PBXBuildFile; fileRef = D021CF0C235C70DC00196E1F /* APIError.swift */; };
		D021CF16235C70DC00196E1F /* APIClient.swift in Sources */ = {isa = PBXBuildFile; fileRef = D021CF0D235C70DC00196E1F /* APIClient.swift */; };
		D021CF17235C70DC00196E1F /* APIConstants.swift in Sources */ = {isa = PBXBuildFile; fileRef = D021CF0E235C70DC00196E1F /* APIConstants.swift */; };
		D021CF18235C70DC00196E1F /* APIRequest.swift in Sources */ = {isa = PBXBuildFile; fileRef = D021CF0F235C70DC00196E1F /* APIRequest.swift */; };
		D021CF19235C70DC00196E1F /* AppDelegate.swift in Sources */ = {isa = PBXBuildFile; fileRef = D021CF11235C70DC00196E1F /* AppDelegate.swift */; };
		D021CF25235C70E900196E1F /* MovieListLocal.swift in Sources */ = {isa = PBXBuildFile; fileRef = D021CF1F235C70E900196E1F /* MovieListLocal.swift */; };
		D021CF26235C70E900196E1F /* MovieListRepository.swift in Sources */ = {isa = PBXBuildFile; fileRef = D021CF20235C70E900196E1F /* MovieListRepository.swift */; };
		D021CF27235C70E900196E1F /* MovieListResponse.swift in Sources */ = {isa = PBXBuildFile; fileRef = D021CF22235C70E900196E1F /* MovieListResponse.swift */; };
		D021CF28235C70E900196E1F /* MovieListRequest.swift in Sources */ = {isa = PBXBuildFile; fileRef = D021CF24235C70E900196E1F /* MovieListRequest.swift */; };
		D021CF38235C70F400196E1F /* MovieListViewModel.swift in Sources */ = {isa = PBXBuildFile; fileRef = D021CF2C235C70F300196E1F /* MovieListViewModel.swift */; };
		D021CF39235C70F400196E1F /* MovieListCoordinator.swift in Sources */ = {isa = PBXBuildFile; fileRef = D021CF2E235C70F300196E1F /* MovieListCoordinator.swift */; };
		D021CF3A235C70F400196E1F /* MovieListViewModelCell.swift in Sources */ = {isa = PBXBuildFile; fileRef = D021CF31235C70F300196E1F /* MovieListViewModelCell.swift */; };
		D021CF3B235C70F400196E1F /* MovieListCell.xib in Resources */ = {isa = PBXBuildFile; fileRef = D021CF33235C70F300196E1F /* MovieListCell.xib */; };
		D021CF3C235C70F400196E1F /* MovieListCell.swift in Sources */ = {isa = PBXBuildFile; fileRef = D021CF35235C70F300196E1F /* MovieListCell.swift */; };
		D021CF3D235C70F400196E1F /* MovieListViewController.swift in Sources */ = {isa = PBXBuildFile; fileRef = D021CF37235C70F300196E1F /* MovieListViewController.swift */; };
		D021CF51235C711A00196E1F /* LayoutConstants.swift in Sources */ = {isa = PBXBuildFile; fileRef = D021CF4C235C711A00196E1F /* LayoutConstants.swift */; };
		D021CF52235C711A00196E1F /* Main.storyboard in Resources */ = {isa = PBXBuildFile; fileRef = D021CF4D235C711A00196E1F /* Main.storyboard */; };
		D021CF53235C711A00196E1F /* Storyboarded.swift in Sources */ = {isa = PBXBuildFile; fileRef = D021CF4F235C711A00196E1F /* Storyboarded.swift */; };
		D0CFBB3A235C76B5005C6538 /* UIViewController+extensions.swift in Sources */ = {isa = PBXBuildFile; fileRef = D0CFBB39235C76B5005C6538 /* UIViewController+extensions.swift */; };
		D0CFBB3F235C7702005C6538 /* LoadingViewController.swift in Sources */ = {isa = PBXBuildFile; fileRef = D0CFBB3E235C7702005C6538 /* LoadingViewController.swift */; };
		D0CFBB41235C772B005C6538 /* ErrorViewController.swift in Sources */ = {isa = PBXBuildFile; fileRef = D0CFBB40235C772B005C6538 /* ErrorViewController.swift */; };
/* End PBXBuildFile section */

/* Begin PBXContainerItemProxy section */
		B840C3C7235A0219006E1D1E /* PBXContainerItemProxy */ = {
			isa = PBXContainerItemProxy;
			containerPortal = B840C3A8235A0218006E1D1E /* Project object */;
			proxyType = 1;
			remoteGlobalIDString = B840C3AF235A0218006E1D1E;
			remoteInfo = MovieDB;
		};
		B840C3D2235A0219006E1D1E /* PBXContainerItemProxy */ = {
			isa = PBXContainerItemProxy;
			containerPortal = B840C3A8235A0218006E1D1E /* Project object */;
			proxyType = 1;
			remoteGlobalIDString = B840C3AF235A0218006E1D1E;
			remoteInfo = MovieDB;
		};
/* End PBXContainerItemProxy section */

/* Begin PBXFileReference section */
		569D363AC2BD2B271386A8B1 /* Pods-MovieDB.release.xcconfig */ = {isa = PBXFileReference; includeInIndex = 1; lastKnownFileType = text.xcconfig; name = "Pods-MovieDB.release.xcconfig"; path = "Target Support Files/Pods-MovieDB/Pods-MovieDB.release.xcconfig"; sourceTree = "<group>"; };
		9F926BC359255E1A6A2C6654 /* Pods_MovieDB.framework */ = {isa = PBXFileReference; explicitFileType = wrapper.framework; includeInIndex = 0; path = Pods_MovieDB.framework; sourceTree = BUILT_PRODUCTS_DIR; };
		B34EBAE0CAB6AB41BA430ED7 /* Pods-MovieDBUITests.release.xcconfig */ = {isa = PBXFileReference; includeInIndex = 1; lastKnownFileType = text.xcconfig; name = "Pods-MovieDBUITests.release.xcconfig"; path = "Target Support Files/Pods-MovieDBUITests/Pods-MovieDBUITests.release.xcconfig"; sourceTree = "<group>"; };
		B594EDA89517BCAE668B7486 /* Pods-MovieDBUITests.debug.xcconfig */ = {isa = PBXFileReference; includeInIndex = 1; lastKnownFileType = text.xcconfig; name = "Pods-MovieDBUITests.debug.xcconfig"; path = "Target Support Files/Pods-MovieDBUITests/Pods-MovieDBUITests.debug.xcconfig"; sourceTree = "<group>"; };
		B840C3B0235A0218006E1D1E /* MovieDB.app */ = {isa = PBXFileReference; explicitFileType = wrapper.application; includeInIndex = 0; path = MovieDB.app; sourceTree = BUILT_PRODUCTS_DIR; };
		B840C3BC235A0219006E1D1E /* Assets.xcassets */ = {isa = PBXFileReference; lastKnownFileType = folder.assetcatalog; path = Assets.xcassets; sourceTree = "<group>"; };
		B840C3BF235A0219006E1D1E /* Base */ = {isa = PBXFileReference; lastKnownFileType = file.storyboard; name = Base; path = Base.lproj/LaunchScreen.storyboard; sourceTree = "<group>"; };
		B840C3C1235A0219006E1D1E /* Info.plist */ = {isa = PBXFileReference; lastKnownFileType = text.plist.xml; path = Info.plist; sourceTree = "<group>"; };
		B840C3C6235A0219006E1D1E /* MovieDBTests.xctest */ = {isa = PBXFileReference; explicitFileType = wrapper.cfbundle; includeInIndex = 0; path = MovieDBTests.xctest; sourceTree = BUILT_PRODUCTS_DIR; };
		B840C3CA235A0219006E1D1E /* MovieDBTests.swift */ = {isa = PBXFileReference; lastKnownFileType = sourcecode.swift; path = MovieDBTests.swift; sourceTree = "<group>"; };
		B840C3CC235A0219006E1D1E /* Info.plist */ = {isa = PBXFileReference; lastKnownFileType = text.plist.xml; path = Info.plist; sourceTree = "<group>"; };
		B840C3D1235A0219006E1D1E /* MovieDBUITests.xctest */ = {isa = PBXFileReference; explicitFileType = wrapper.cfbundle; includeInIndex = 0; path = MovieDBUITests.xctest; sourceTree = BUILT_PRODUCTS_DIR; };
		B840C3D5235A0219006E1D1E /* MovieDBUITests.swift */ = {isa = PBXFileReference; lastKnownFileType = sourcecode.swift; path = MovieDBUITests.swift; sourceTree = "<group>"; };
		B840C3D7235A0219006E1D1E /* Info.plist */ = {isa = PBXFileReference; lastKnownFileType = text.plist.xml; path = Info.plist; sourceTree = "<group>"; };
		C18971C520390FA1373F5BFA /* Pods_MovieDBTests.framework */ = {isa = PBXFileReference; explicitFileType = wrapper.framework; includeInIndex = 0; path = Pods_MovieDBTests.framework; sourceTree = BUILT_PRODUCTS_DIR; };
		C84C27F349CCCB7077FF3D1C /* Pods-MovieDB.debug.xcconfig */ = {isa = PBXFileReference; includeInIndex = 1; lastKnownFileType = text.xcconfig; name = "Pods-MovieDB.debug.xcconfig"; path = "Target Support Files/Pods-MovieDB/Pods-MovieDB.debug.xcconfig"; sourceTree = "<group>"; };
		D00A5D138486204F8A5FF36B /* Pods-MovieDBTests.release.xcconfig */ = {isa = PBXFileReference; includeInIndex = 1; lastKnownFileType = text.xcconfig; name = "Pods-MovieDBTests.release.xcconfig"; path = "Target Support Files/Pods-MovieDBTests/Pods-MovieDBTests.release.xcconfig"; sourceTree = "<group>"; };
		D021CF06235C70DC00196E1F /* en */ = {isa = PBXFileReference; lastKnownFileType = text.plist.strings; name = en; path = en.lproj/Localizable.strings; sourceTree = "<group>"; };
		D021CF08235C70DC00196E1F /* AppCoordinator.swift */ = {isa = PBXFileReference; fileEncoding = 4; lastKnownFileType = sourcecode.swift; path = AppCoordinator.swift; sourceTree = "<group>"; };
		D021CF09235C70DC00196E1F /* CoordinatorProtocol.swift */ = {isa = PBXFileReference; fileEncoding = 4; lastKnownFileType = sourcecode.swift; path = CoordinatorProtocol.swift; sourceTree = "<group>"; };
		D021CF0A235C70DC00196E1F /* es */ = {isa = PBXFileReference; lastKnownFileType = text.plist.strings; name = es; path = es.lproj/Localizable.strings; sourceTree = "<group>"; };
		D021CF0C235C70DC00196E1F /* APIError.swift */ = {isa = PBXFileReference; fileEncoding = 4; lastKnownFileType = sourcecode.swift; path = APIError.swift; sourceTree = "<group>"; };
		D021CF0D235C70DC00196E1F /* APIClient.swift */ = {isa = PBXFileReference; fileEncoding = 4; lastKnownFileType = sourcecode.swift; path = APIClient.swift; sourceTree = "<group>"; };
		D021CF0E235C70DC00196E1F /* APIConstants.swift */ = {isa = PBXFileReference; fileEncoding = 4; lastKnownFileType = sourcecode.swift; path = APIConstants.swift; sourceTree = "<group>"; };
		D021CF0F235C70DC00196E1F /* APIRequest.swift */ = {isa = PBXFileReference; fileEncoding = 4; lastKnownFileType = sourcecode.swift; path = APIRequest.swift; sourceTree = "<group>"; };
		D021CF11235C70DC00196E1F /* AppDelegate.swift */ = {isa = PBXFileReference; fileEncoding = 4; lastKnownFileType = sourcecode.swift; path = AppDelegate.swift; sourceTree = "<group>"; };
		D021CF1F235C70E900196E1F /* MovieListLocal.swift */ = {isa = PBXFileReference; fileEncoding = 4; lastKnownFileType = sourcecode.swift; path = MovieListLocal.swift; sourceTree = "<group>"; };
		D021CF20235C70E900196E1F /* MovieListRepository.swift */ = {isa = PBXFileReference; fileEncoding = 4; lastKnownFileType = sourcecode.swift; path = MovieListRepository.swift; sourceTree = "<group>"; };
		D021CF22235C70E900196E1F /* MovieListResponse.swift */ = {isa = PBXFileReference; fileEncoding = 4; lastKnownFileType = sourcecode.swift; path = MovieListResponse.swift; sourceTree = "<group>"; };
		D021CF24235C70E900196E1F /* MovieListRequest.swift */ = {isa = PBXFileReference; fileEncoding = 4; lastKnownFileType = sourcecode.swift; path = MovieListRequest.swift; sourceTree = "<group>"; };
		D021CF2C235C70F300196E1F /* MovieListViewModel.swift */ = {isa = PBXFileReference; fileEncoding = 4; lastKnownFileType = sourcecode.swift; path = MovieListViewModel.swift; sourceTree = "<group>"; };
		D021CF2E235C70F300196E1F /* MovieListCoordinator.swift */ = {isa = PBXFileReference; fileEncoding = 4; lastKnownFileType = sourcecode.swift; path = MovieListCoordinator.swift; sourceTree = "<group>"; };
		D021CF31235C70F300196E1F /* MovieListViewModelCell.swift */ = {isa = PBXFileReference; fileEncoding = 4; lastKnownFileType = sourcecode.swift; path = MovieListViewModelCell.swift; sourceTree = "<group>"; };
		D021CF33235C70F300196E1F /* MovieListCell.xib */ = {isa = PBXFileReference; fileEncoding = 4; lastKnownFileType = file.xib; path = MovieListCell.xib; sourceTree = "<group>"; };
		D021CF35235C70F300196E1F /* MovieListCell.swift */ = {isa = PBXFileReference; fileEncoding = 4; lastKnownFileType = sourcecode.swift; path = MovieListCell.swift; sourceTree = "<group>"; };
		D021CF37235C70F300196E1F /* MovieListViewController.swift */ = {isa = PBXFileReference; fileEncoding = 4; lastKnownFileType = sourcecode.swift; path = MovieListViewController.swift; sourceTree = "<group>"; };
		D021CF4C235C711A00196E1F /* LayoutConstants.swift */ = {isa = PBXFileReference; fileEncoding = 4; lastKnownFileType = sourcecode.swift; path = LayoutConstants.swift; sourceTree = "<group>"; };
		D021CF4E235C711A00196E1F /* Base */ = {isa = PBXFileReference; lastKnownFileType = file.storyboard; name = Base; path = Base.lproj/Main.storyboard; sourceTree = "<group>"; };
		D021CF4F235C711A00196E1F /* Storyboarded.swift */ = {isa = PBXFileReference; fileEncoding = 4; lastKnownFileType = sourcecode.swift; path = Storyboarded.swift; sourceTree = "<group>"; };
		D0CFBB39235C76B5005C6538 /* UIViewController+extensions.swift */ = {isa = PBXFileReference; lastKnownFileType = sourcecode.swift; path = "UIViewController+extensions.swift"; sourceTree = "<group>"; };
		D0CFBB3E235C7702005C6538 /* LoadingViewController.swift */ = {isa = PBXFileReference; lastKnownFileType = sourcecode.swift; path = LoadingViewController.swift; sourceTree = "<group>"; };
		D0CFBB40235C772B005C6538 /* ErrorViewController.swift */ = {isa = PBXFileReference; lastKnownFileType = sourcecode.swift; path = ErrorViewController.swift; sourceTree = "<group>"; };
		EB413F2476E457506DF281E0 /* Pods_MovieDBUITests.framework */ = {isa = PBXFileReference; explicitFileType = wrapper.framework; includeInIndex = 0; path = Pods_MovieDBUITests.framework; sourceTree = BUILT_PRODUCTS_DIR; };
		F6AA9B75BF1F73607FE3F34D /* Pods-MovieDBTests.debug.xcconfig */ = {isa = PBXFileReference; includeInIndex = 1; lastKnownFileType = text.xcconfig; name = "Pods-MovieDBTests.debug.xcconfig"; path = "Target Support Files/Pods-MovieDBTests/Pods-MovieDBTests.debug.xcconfig"; sourceTree = "<group>"; };
/* End PBXFileReference section */

/* Begin PBXFrameworksBuildPhase section */
		B840C3AD235A0218006E1D1E /* Frameworks */ = {
			isa = PBXFrameworksBuildPhase;
			buildActionMask = 2147483647;
			files = (
				3339CFA124D8A3AF269ACDAF /* Pods_MovieDB.framework in Frameworks */,
			);
			runOnlyForDeploymentPostprocessing = 0;
		};
		B840C3C3235A0219006E1D1E /* Frameworks */ = {
			isa = PBXFrameworksBuildPhase;
			buildActionMask = 2147483647;
			files = (
				246FCEC5C84D8B9CEB31A870 /* Pods_MovieDBTests.framework in Frameworks */,
			);
			runOnlyForDeploymentPostprocessing = 0;
		};
		B840C3CE235A0219006E1D1E /* Frameworks */ = {
			isa = PBXFrameworksBuildPhase;
			buildActionMask = 2147483647;
			files = (
				5525FE32C05068F9798FF26E /* Pods_MovieDBUITests.framework in Frameworks */,
			);
			runOnlyForDeploymentPostprocessing = 0;
		};
/* End PBXFrameworksBuildPhase section */

/* Begin PBXGroup section */
		2407FE73E5C5D93A4C5EE7BB /* Frameworks */ = {
			isa = PBXGroup;
			children = (
				9F926BC359255E1A6A2C6654 /* Pods_MovieDB.framework */,
				C18971C520390FA1373F5BFA /* Pods_MovieDBTests.framework */,
				EB413F2476E457506DF281E0 /* Pods_MovieDBUITests.framework */,
			);
			name = Frameworks;
			sourceTree = "<group>";
		};
		B840C3A7235A0218006E1D1E = {
			isa = PBXGroup;
			children = (
				B840C3B2235A0218006E1D1E /* MovieDB */,
				B840C3C9235A0219006E1D1E /* MovieDBTests */,
				B840C3D4235A0219006E1D1E /* MovieDBUITests */,
				B840C3B1235A0218006E1D1E /* Products */,
				D1F367CCA5AAB790D88CA1B6 /* Pods */,
				2407FE73E5C5D93A4C5EE7BB /* Frameworks */,
			);
			sourceTree = "<group>";
		};
		B840C3B1235A0218006E1D1E /* Products */ = {
			isa = PBXGroup;
			children = (
				B840C3B0235A0218006E1D1E /* MovieDB.app */,
				B840C3C6235A0219006E1D1E /* MovieDBTests.xctest */,
				B840C3D1235A0219006E1D1E /* MovieDBUITests.xctest */,
			);
			name = Products;
			sourceTree = "<group>";
		};
		B840C3B2235A0218006E1D1E /* MovieDB */ = {
			isa = PBXGroup;
			children = (
				D021CF04235C70DB00196E1F /* App */,
				D021CF1A235C70E900196E1F /* Domain */,
				D021CF29235C70F300196E1F /* Modules */,
				D021CF49235C711A00196E1F /* Layout */,
				B840C3BC235A0219006E1D1E /* Assets.xcassets */,
				B840C3BE235A0219006E1D1E /* LaunchScreen.storyboard */,
				B840C3C1235A0219006E1D1E /* Info.plist */,
			);
			path = MovieDB;
			sourceTree = "<group>";
		};
		B840C3C9235A0219006E1D1E /* MovieDBTests */ = {
			isa = PBXGroup;
			children = (
				B840C3CA235A0219006E1D1E /* MovieDBTests.swift */,
				B840C3CC235A0219006E1D1E /* Info.plist */,
			);
			path = MovieDBTests;
			sourceTree = "<group>";
		};
		B840C3D4235A0219006E1D1E /* MovieDBUITests */ = {
			isa = PBXGroup;
			children = (
				B840C3D5235A0219006E1D1E /* MovieDBUITests.swift */,
				B840C3D7235A0219006E1D1E /* Info.plist */,
			);
			path = MovieDBUITests;
			sourceTree = "<group>";
		};
		D021CF04235C70DB00196E1F /* App */ = {
			isa = PBXGroup;
			children = (
				D021CF05235C70DC00196E1F /* Localizable.strings */,
				D0CFBB38235C769E005C6538 /* Extensions */,
				D021CF07235C70DC00196E1F /* Coordinator */,
				D021CF0B235C70DC00196E1F /* Network */,
				D021CF10235C70DC00196E1F /* Delegate */,
			);
			path = App;
			sourceTree = "<group>";
		};
		D021CF07235C70DC00196E1F /* Coordinator */ = {
			isa = PBXGroup;
			children = (
				D021CF08235C70DC00196E1F /* AppCoordinator.swift */,
				D021CF09235C70DC00196E1F /* CoordinatorProtocol.swift */,
			);
			path = Coordinator;
			sourceTree = "<group>";
		};
		D021CF0B235C70DC00196E1F /* Network */ = {
			isa = PBXGroup;
			children = (
				D021CF0C235C70DC00196E1F /* APIError.swift */,
				D021CF0D235C70DC00196E1F /* APIClient.swift */,
				D021CF0E235C70DC00196E1F /* APIConstants.swift */,
				D021CF0F235C70DC00196E1F /* APIRequest.swift */,
			);
			path = Network;
			sourceTree = "<group>";
		};
		D021CF10235C70DC00196E1F /* Delegate */ = {
			isa = PBXGroup;
			children = (
				D021CF11235C70DC00196E1F /* AppDelegate.swift */,
			);
			path = Delegate;
			sourceTree = "<group>";
		};
		D021CF1A235C70E900196E1F /* Domain */ = {
			isa = PBXGroup;
			children = (
				D021CF1B235C70E900196E1F /* MovieDetail */,
				D021CF1C235C70E900196E1F /* MovieList */,
			);
			name = Domain;
			path = ../../../Cabify/CabifyMobileChallenge/CabifyMobileChallenge/Domain;
			sourceTree = "<group>";
		};
		D021CF1B235C70E900196E1F /* MovieDetail */ = {
			isa = PBXGroup;
			children = (
			);
			path = MovieDetail;
			sourceTree = "<group>";
		};
		D021CF1C235C70E900196E1F /* MovieList */ = {
			isa = PBXGroup;
			children = (
				D021CF1D235C70E900196E1F /* Repository */,
				D021CF21235C70E900196E1F /* Model */,
				D021CF23235C70E900196E1F /* Request */,
			);
			path = MovieList;
			sourceTree = "<group>";
		};
		D021CF1D235C70E900196E1F /* Repository */ = {
			isa = PBXGroup;
			children = (
				D021CF1E235C70E900196E1F /* Local */,
				D021CF20235C70E900196E1F /* MovieListRepository.swift */,
			);
			path = Repository;
			sourceTree = "<group>";
		};
		D021CF1E235C70E900196E1F /* Local */ = {
			isa = PBXGroup;
			children = (
				D021CF1F235C70E900196E1F /* MovieListLocal.swift */,
			);
			path = Local;
			sourceTree = "<group>";
		};
		D021CF21235C70E900196E1F /* Model */ = {
			isa = PBXGroup;
			children = (
				D021CF22235C70E900196E1F /* MovieListResponse.swift */,
			);
			path = Model;
			sourceTree = "<group>";
		};
		D021CF23235C70E900196E1F /* Request */ = {
			isa = PBXGroup;
			children = (
				D021CF24235C70E900196E1F /* MovieListRequest.swift */,
			);
			path = Request;
			sourceTree = "<group>";
		};
		D021CF29235C70F300196E1F /* Modules */ = {
			isa = PBXGroup;
			children = (
				D0CFBB3B235C76DE005C6538 /* Common */,
				D021CF2A235C70F300196E1F /* MovieList */,
			);
			name = Modules;
			path = ../../../Cabify/CabifyMobileChallenge/CabifyMobileChallenge/Modules;
			sourceTree = "<group>";
		};
		D021CF2A235C70F300196E1F /* MovieList */ = {
			isa = PBXGroup;
			children = (
				D021CF2B235C70F300196E1F /* ViewModel */,
				D021CF2D235C70F300196E1F /* Coordinator */,
				D021CF2F235C70F300196E1F /* Cell */,
				D021CF36235C70F300196E1F /* View */,
			);
			path = MovieList;
			sourceTree = "<group>";
		};
		D021CF2B235C70F300196E1F /* ViewModel */ = {
			isa = PBXGroup;
			children = (
				D021CF2C235C70F300196E1F /* MovieListViewModel.swift */,
			);
			path = ViewModel;
			sourceTree = "<group>";
		};
		D021CF2D235C70F300196E1F /* Coordinator */ = {
			isa = PBXGroup;
			children = (
				D021CF2E235C70F300196E1F /* MovieListCoordinator.swift */,
			);
			path = Coordinator;
			sourceTree = "<group>";
		};
		D021CF2F235C70F300196E1F /* Cell */ = {
			isa = PBXGroup;
			children = (
				D021CF30235C70F300196E1F /* ViewModel */,
				D021CF32235C70F300196E1F /* Layout */,
				D021CF34235C70F300196E1F /* View */,
			);
			path = Cell;
			sourceTree = "<group>";
		};
		D021CF30235C70F300196E1F /* ViewModel */ = {
			isa = PBXGroup;
			children = (
				D021CF31235C70F300196E1F /* MovieListViewModelCell.swift */,
			);
			path = ViewModel;
			sourceTree = "<group>";
		};
		D021CF32235C70F300196E1F /* Layout */ = {
			isa = PBXGroup;
			children = (
				D021CF33235C70F300196E1F /* MovieListCell.xib */,
			);
			path = Layout;
			sourceTree = "<group>";
		};
		D021CF34235C70F300196E1F /* View */ = {
			isa = PBXGroup;
			children = (
				D021CF35235C70F300196E1F /* MovieListCell.swift */,
			);
			path = View;
			sourceTree = "<group>";
		};
		D021CF36235C70F300196E1F /* View */ = {
			isa = PBXGroup;
			children = (
				D021CF37235C70F300196E1F /* MovieListViewController.swift */,
			);
			path = View;
			sourceTree = "<group>";
		};
		D021CF49235C711A00196E1F /* Layout */ = {
			isa = PBXGroup;
			children = (
				D021CF4F235C711A00196E1F /* Storyboarded.swift */,
				D021CF4C235C711A00196E1F /* LayoutConstants.swift */,
				D021CF4D235C711A00196E1F /* Main.storyboard */,
			);
			path = Layout;
			sourceTree = "<group>";
		};
		D0CFBB38235C769E005C6538 /* Extensions */ = {
			isa = PBXGroup;
			children = (
				D0CFBB39235C76B5005C6538 /* UIViewController+extensions.swift */,
			);
			path = Extensions;
			sourceTree = "<group>";
		};
		D0CFBB3B235C76DE005C6538 /* Common */ = {
			isa = PBXGroup;
			children = (
				D0CFBB3D235C76F2005C6538 /* Error */,
				D0CFBB3C235C76EE005C6538 /* Loading */,
			);
			path = Common;
			sourceTree = "<group>";
		};
		D0CFBB3C235C76EE005C6538 /* Loading */ = {
			isa = PBXGroup;
			children = (
				D0CFBB3E235C7702005C6538 /* LoadingViewController.swift */,
			);
			path = Loading;
			sourceTree = "<group>";
		};
		D0CFBB3D235C76F2005C6538 /* Error */ = {
			isa = PBXGroup;
			children = (
				D0CFBB40235C772B005C6538 /* ErrorViewController.swift */,
			);
			path = Error;
			sourceTree = "<group>";
		};
		D1F367CCA5AAB790D88CA1B6 /* Pods */ = {
			isa = PBXGroup;
			children = (
				C84C27F349CCCB7077FF3D1C /* Pods-MovieDB.debug.xcconfig */,
				569D363AC2BD2B271386A8B1 /* Pods-MovieDB.release.xcconfig */,
				F6AA9B75BF1F73607FE3F34D /* Pods-MovieDBTests.debug.xcconfig */,
				D00A5D138486204F8A5FF36B /* Pods-MovieDBTests.release.xcconfig */,
				B594EDA89517BCAE668B7486 /* Pods-MovieDBUITests.debug.xcconfig */,
				B34EBAE0CAB6AB41BA430ED7 /* Pods-MovieDBUITests.release.xcconfig */,
			);
			path = Pods;
			sourceTree = "<group>";
		};
/* End PBXGroup section */

/* Begin PBXNativeTarget section */
		B840C3AF235A0218006E1D1E /* MovieDB */ = {
			isa = PBXNativeTarget;
			buildConfigurationList = B840C3DA235A0219006E1D1E /* Build configuration list for PBXNativeTarget "MovieDB" */;
			buildPhases = (
				2A1FC79E5B77A2844001DE2C /* [CP] Check Pods Manifest.lock */,
				B840C3AC235A0218006E1D1E /* Sources */,
				B840C3AD235A0218006E1D1E /* Frameworks */,
				B840C3AE235A0218006E1D1E /* Resources */,
				3A607E7E47300883CBA84DCE /* [CP] Embed Pods Frameworks */,
			);
			buildRules = (
			);
			dependencies = (
			);
			name = MovieDB;
			productName = MovieDB;
			productReference = B840C3B0235A0218006E1D1E /* MovieDB.app */;
			productType = "com.apple.product-type.application";
		};
		B840C3C5235A0219006E1D1E /* MovieDBTests */ = {
			isa = PBXNativeTarget;
			buildConfigurationList = B840C3DD235A0219006E1D1E /* Build configuration list for PBXNativeTarget "MovieDBTests" */;
			buildPhases = (
				9FA25045F083B830B1AE0DAF /* [CP] Check Pods Manifest.lock */,
				B840C3C2235A0219006E1D1E /* Sources */,
				B840C3C3235A0219006E1D1E /* Frameworks */,
				B840C3C4235A0219006E1D1E /* Resources */,
				634A57ABF139CA0516F0D8DF /* [CP] Embed Pods Frameworks */,
			);
			buildRules = (
			);
			dependencies = (
				B840C3C8235A0219006E1D1E /* PBXTargetDependency */,
			);
			name = MovieDBTests;
			productName = MovieDBTests;
			productReference = B840C3C6235A0219006E1D1E /* MovieDBTests.xctest */;
			productType = "com.apple.product-type.bundle.unit-test";
		};
		B840C3D0235A0219006E1D1E /* MovieDBUITests */ = {
			isa = PBXNativeTarget;
			buildConfigurationList = B840C3E0235A0219006E1D1E /* Build configuration list for PBXNativeTarget "MovieDBUITests" */;
			buildPhases = (
				4DAFCB16641CBFD4FF35ADBB /* [CP] Check Pods Manifest.lock */,
				B840C3CD235A0219006E1D1E /* Sources */,
				B840C3CE235A0219006E1D1E /* Frameworks */,
				B840C3CF235A0219006E1D1E /* Resources */,
				CC78DD41B26484EAE40F6843 /* [CP] Embed Pods Frameworks */,
			);
			buildRules = (
			);
			dependencies = (
				B840C3D3235A0219006E1D1E /* PBXTargetDependency */,
			);
			name = MovieDBUITests;
			productName = MovieDBUITests;
			productReference = B840C3D1235A0219006E1D1E /* MovieDBUITests.xctest */;
			productType = "com.apple.product-type.bundle.ui-testing";
		};
/* End PBXNativeTarget section */

/* Begin PBXProject section */
		B840C3A8235A0218006E1D1E /* Project object */ = {
			isa = PBXProject;
			attributes = {
				LastSwiftUpdateCheck = 1110;
				LastUpgradeCheck = 1110;
				ORGANIZATIONNAME = "Juan Miguel Marques Morilla";
				TargetAttributes = {
					B840C3AF235A0218006E1D1E = {
						CreatedOnToolsVersion = 11.1;
					};
					B840C3C5235A0219006E1D1E = {
						CreatedOnToolsVersion = 11.1;
						TestTargetID = B840C3AF235A0218006E1D1E;
					};
					B840C3D0235A0219006E1D1E = {
						CreatedOnToolsVersion = 11.1;
						TestTargetID = B840C3AF235A0218006E1D1E;
					};
				};
			};
			buildConfigurationList = B840C3AB235A0218006E1D1E /* Build configuration list for PBXProject "MovieDB" */;
			compatibilityVersion = "Xcode 9.3";
			developmentRegion = en;
			hasScannedForEncodings = 0;
			knownRegions = (
				en,
				Base,
				es,
			);
			mainGroup = B840C3A7235A0218006E1D1E;
			productRefGroup = B840C3B1235A0218006E1D1E /* Products */;
			projectDirPath = "";
			projectRoot = "";
			targets = (
				B840C3AF235A0218006E1D1E /* MovieDB */,
				B840C3C5235A0219006E1D1E /* MovieDBTests */,
				B840C3D0235A0219006E1D1E /* MovieDBUITests */,
			);
		};
/* End PBXProject section */

/* Begin PBXResourcesBuildPhase section */
		B840C3AE235A0218006E1D1E /* Resources */ = {
			isa = PBXResourcesBuildPhase;
			buildActionMask = 2147483647;
			files = (
				B840C3C0235A0219006E1D1E /* LaunchScreen.storyboard in Resources */,
				D021CF12235C70DC00196E1F /* Localizable.strings in Resources */,
				B840C3BD235A0219006E1D1E /* Assets.xcassets in Resources */,
				D021CF52235C711A00196E1F /* Main.storyboard in Resources */,
				D021CF3B235C70F400196E1F /* MovieListCell.xib in Resources */,
			);
			runOnlyForDeploymentPostprocessing = 0;
		};
		B840C3C4235A0219006E1D1E /* Resources */ = {
			isa = PBXResourcesBuildPhase;
			buildActionMask = 2147483647;
			files = (
			);
			runOnlyForDeploymentPostprocessing = 0;
		};
		B840C3CF235A0219006E1D1E /* Resources */ = {
			isa = PBXResourcesBuildPhase;
			buildActionMask = 2147483647;
			files = (
			);
			runOnlyForDeploymentPostprocessing = 0;
		};
/* End PBXResourcesBuildPhase section */

/* Begin PBXShellScriptBuildPhase section */
		2A1FC79E5B77A2844001DE2C /* [CP] Check Pods Manifest.lock */ = {
			isa = PBXShellScriptBuildPhase;
			buildActionMask = 2147483647;
			files = (
			);
			inputFileListPaths = (
			);
			inputPaths = (
				"${PODS_PODFILE_DIR_PATH}/Podfile.lock",
				"${PODS_ROOT}/Manifest.lock",
			);
			name = "[CP] Check Pods Manifest.lock";
			outputFileListPaths = (
			);
			outputPaths = (
				"$(DERIVED_FILE_DIR)/Pods-MovieDB-checkManifestLockResult.txt",
			);
			runOnlyForDeploymentPostprocessing = 0;
			shellPath = /bin/sh;
			shellScript = "diff \"${PODS_PODFILE_DIR_PATH}/Podfile.lock\" \"${PODS_ROOT}/Manifest.lock\" > /dev/null\nif [ $? != 0 ] ; then\n    # print error to STDERR\n    echo \"error: The sandbox is not in sync with the Podfile.lock. Run 'pod install' or update your CocoaPods installation.\" >&2\n    exit 1\nfi\n# This output is used by Xcode 'outputs' to avoid re-running this script phase.\necho \"SUCCESS\" > \"${SCRIPT_OUTPUT_FILE_0}\"\n";
			showEnvVarsInLog = 0;
		};
		3A607E7E47300883CBA84DCE /* [CP] Embed Pods Frameworks */ = {
			isa = PBXShellScriptBuildPhase;
			buildActionMask = 2147483647;
			files = (
			);
			inputFileListPaths = (
				"${PODS_ROOT}/Target Support Files/Pods-MovieDB/Pods-MovieDB-frameworks-${CONFIGURATION}-input-files.xcfilelist",
			);
			name = "[CP] Embed Pods Frameworks";
			outputFileListPaths = (
				"${PODS_ROOT}/Target Support Files/Pods-MovieDB/Pods-MovieDB-frameworks-${CONFIGURATION}-output-files.xcfilelist",
			);
			runOnlyForDeploymentPostprocessing = 0;
			shellPath = /bin/sh;
			shellScript = "\"${PODS_ROOT}/Target Support Files/Pods-MovieDB/Pods-MovieDB-frameworks.sh\"\n";
			showEnvVarsInLog = 0;
		};
		4DAFCB16641CBFD4FF35ADBB /* [CP] Check Pods Manifest.lock */ = {
			isa = PBXShellScriptBuildPhase;
			buildActionMask = 2147483647;
			files = (
			);
			inputFileListPaths = (
			);
			inputPaths = (
				"${PODS_PODFILE_DIR_PATH}/Podfile.lock",
				"${PODS_ROOT}/Manifest.lock",
			);
			name = "[CP] Check Pods Manifest.lock";
			outputFileListPaths = (
			);
			outputPaths = (
				"$(DERIVED_FILE_DIR)/Pods-MovieDBUITests-checkManifestLockResult.txt",
			);
			runOnlyForDeploymentPostprocessing = 0;
			shellPath = /bin/sh;
			shellScript = "diff \"${PODS_PODFILE_DIR_PATH}/Podfile.lock\" \"${PODS_ROOT}/Manifest.lock\" > /dev/null\nif [ $? != 0 ] ; then\n    # print error to STDERR\n    echo \"error: The sandbox is not in sync with the Podfile.lock. Run 'pod install' or update your CocoaPods installation.\" >&2\n    exit 1\nfi\n# This output is used by Xcode 'outputs' to avoid re-running this script phase.\necho \"SUCCESS\" > \"${SCRIPT_OUTPUT_FILE_0}\"\n";
			showEnvVarsInLog = 0;
		};
		634A57ABF139CA0516F0D8DF /* [CP] Embed Pods Frameworks */ = {
			isa = PBXShellScriptBuildPhase;
			buildActionMask = 2147483647;
			files = (
			);
			inputFileListPaths = (
				"${PODS_ROOT}/Target Support Files/Pods-MovieDBTests/Pods-MovieDBTests-frameworks-${CONFIGURATION}-input-files.xcfilelist",
			);
			name = "[CP] Embed Pods Frameworks";
			outputFileListPaths = (
				"${PODS_ROOT}/Target Support Files/Pods-MovieDBTests/Pods-MovieDBTests-frameworks-${CONFIGURATION}-output-files.xcfilelist",
			);
			runOnlyForDeploymentPostprocessing = 0;
			shellPath = /bin/sh;
			shellScript = "\"${PODS_ROOT}/Target Support Files/Pods-MovieDBTests/Pods-MovieDBTests-frameworks.sh\"\n";
			showEnvVarsInLog = 0;
		};
		9FA25045F083B830B1AE0DAF /* [CP] Check Pods Manifest.lock */ = {
			isa = PBXShellScriptBuildPhase;
			buildActionMask = 2147483647;
			files = (
			);
			inputFileListPaths = (
			);
			inputPaths = (
				"${PODS_PODFILE_DIR_PATH}/Podfile.lock",
				"${PODS_ROOT}/Manifest.lock",
			);
			name = "[CP] Check Pods Manifest.lock";
			outputFileListPaths = (
			);
			outputPaths = (
				"$(DERIVED_FILE_DIR)/Pods-MovieDBTests-checkManifestLockResult.txt",
			);
			runOnlyForDeploymentPostprocessing = 0;
			shellPath = /bin/sh;
			shellScript = "diff \"${PODS_PODFILE_DIR_PATH}/Podfile.lock\" \"${PODS_ROOT}/Manifest.lock\" > /dev/null\nif [ $? != 0 ] ; then\n    # print error to STDERR\n    echo \"error: The sandbox is not in sync with the Podfile.lock. Run 'pod install' or update your CocoaPods installation.\" >&2\n    exit 1\nfi\n# This output is used by Xcode 'outputs' to avoid re-running this script phase.\necho \"SUCCESS\" > \"${SCRIPT_OUTPUT_FILE_0}\"\n";
			showEnvVarsInLog = 0;
		};
		CC78DD41B26484EAE40F6843 /* [CP] Embed Pods Frameworks */ = {
			isa = PBXShellScriptBuildPhase;
			buildActionMask = 2147483647;
			files = (
			);
			inputFileListPaths = (
				"${PODS_ROOT}/Target Support Files/Pods-MovieDBUITests/Pods-MovieDBUITests-frameworks-${CONFIGURATION}-input-files.xcfilelist",
			);
			name = "[CP] Embed Pods Frameworks";
			outputFileListPaths = (
				"${PODS_ROOT}/Target Support Files/Pods-MovieDBUITests/Pods-MovieDBUITests-frameworks-${CONFIGURATION}-output-files.xcfilelist",
			);
			runOnlyForDeploymentPostprocessing = 0;
			shellPath = /bin/sh;
			shellScript = "\"${PODS_ROOT}/Target Support Files/Pods-MovieDBUITests/Pods-MovieDBUITests-frameworks.sh\"\n";
			showEnvVarsInLog = 0;
		};
/* End PBXShellScriptBuildPhase section */

/* Begin PBXSourcesBuildPhase section */
		B840C3AC235A0218006E1D1E /* Sources */ = {
			isa = PBXSourcesBuildPhase;
			buildActionMask = 2147483647;
			files = (
				D021CF3D235C70F400196E1F /* MovieListViewController.swift in Sources */,
				D021CF19235C70DC00196E1F /* AppDelegate.swift in Sources */,
				D021CF13235C70DC00196E1F /* AppCoordinator.swift in Sources */,
				D021CF18235C70DC00196E1F /* APIRequest.swift in Sources */,
				D021CF15235C70DC00196E1F /* APIError.swift in Sources */,
				D021CF17235C70DC00196E1F /* APIConstants.swift in Sources */,
				D021CF38235C70F400196E1F /* MovieListViewModel.swift in Sources */,
				D0CFBB41235C772B005C6538 /* ErrorViewController.swift in Sources */,
				D0CFBB3F235C7702005C6538 /* LoadingViewController.swift in Sources */,
				D021CF27235C70E900196E1F /* MovieListResponse.swift in Sources */,
				D021CF28235C70E900196E1F /* MovieListRequest.swift in Sources */,
				D021CF25235C70E900196E1F /* MovieListLocal.swift in Sources */,
				D021CF3A235C70F400196E1F /* MovieListViewModelCell.swift in Sources */,
				D021CF3C235C70F400196E1F /* MovieListCell.swift in Sources */,
				D021CF39235C70F400196E1F /* MovieListCoordinator.swift in Sources */,
				D021CF26235C70E900196E1F /* MovieListRepository.swift in Sources */,
				D021CF16235C70DC00196E1F /* APIClient.swift in Sources */,
				D0CFBB3A235C76B5005C6538 /* UIViewController+extensions.swift in Sources */,
				D021CF14235C70DC00196E1F /* CoordinatorProtocol.swift in Sources */,
				D021CF51235C711A00196E1F /* LayoutConstants.swift in Sources */,
				D021CF53235C711A00196E1F /* Storyboarded.swift in Sources */,
			);
			runOnlyForDeploymentPostprocessing = 0;
		};
		B840C3C2235A0219006E1D1E /* Sources */ = {
			isa = PBXSourcesBuildPhase;
			buildActionMask = 2147483647;
			files = (
				B840C3CB235A0219006E1D1E /* MovieDBTests.swift in Sources */,
			);
			runOnlyForDeploymentPostprocessing = 0;
		};
		B840C3CD235A0219006E1D1E /* Sources */ = {
			isa = PBXSourcesBuildPhase;
			buildActionMask = 2147483647;
			files = (
				B840C3D6235A0219006E1D1E /* MovieDBUITests.swift in Sources */,
			);
			runOnlyForDeploymentPostprocessing = 0;
		};
/* End PBXSourcesBuildPhase section */

/* Begin PBXTargetDependency section */
		B840C3C8235A0219006E1D1E /* PBXTargetDependency */ = {
			isa = PBXTargetDependency;
			target = B840C3AF235A0218006E1D1E /* MovieDB */;
			targetProxy = B840C3C7235A0219006E1D1E /* PBXContainerItemProxy */;
		};
		B840C3D3235A0219006E1D1E /* PBXTargetDependency */ = {
			isa = PBXTargetDependency;
			target = B840C3AF235A0218006E1D1E /* MovieDB */;
			targetProxy = B840C3D2235A0219006E1D1E /* PBXContainerItemProxy */;
		};
/* End PBXTargetDependency section */

/* Begin PBXVariantGroup section */
		B840C3BE235A0219006E1D1E /* LaunchScreen.storyboard */ = {
			isa = PBXVariantGroup;
			children = (
				B840C3BF235A0219006E1D1E /* Base */,
			);
			name = LaunchScreen.storyboard;
			sourceTree = "<group>";
		};
		D021CF05235C70DC00196E1F /* Localizable.strings */ = {
			isa = PBXVariantGroup;
			children = (
				D021CF06235C70DC00196E1F /* en */,
				D021CF0A235C70DC00196E1F /* es */,
			);
			name = Localizable.strings;
			sourceTree = "<group>";
		};
		D021CF4D235C711A00196E1F /* Main.storyboard */ = {
			isa = PBXVariantGroup;
			children = (
				D021CF4E235C711A00196E1F /* Base */,
			);
			name = Main.storyboard;
			sourceTree = "<group>";
		};
/* End PBXVariantGroup section */

/* Begin XCBuildConfiguration section */
		B840C3D8235A0219006E1D1E /* Debug */ = {
			isa = XCBuildConfiguration;
			buildSettings = {
				ALWAYS_EMBED_SWIFT_STANDARD_LIBRARIES = NO;
				ALWAYS_SEARCH_USER_PATHS = NO;
				CLANG_ANALYZER_NONNULL = YES;
				CLANG_ANALYZER_NUMBER_OBJECT_CONVERSION = YES_AGGRESSIVE;
				CLANG_CXX_LANGUAGE_STANDARD = "gnu++14";
				CLANG_CXX_LIBRARY = "libc++";
				CLANG_ENABLE_MODULES = YES;
				CLANG_ENABLE_OBJC_ARC = YES;
				CLANG_ENABLE_OBJC_WEAK = YES;
				CLANG_WARN_BLOCK_CAPTURE_AUTORELEASING = YES;
				CLANG_WARN_BOOL_CONVERSION = YES;
				CLANG_WARN_COMMA = YES;
				CLANG_WARN_CONSTANT_CONVERSION = YES;
				CLANG_WARN_DEPRECATED_OBJC_IMPLEMENTATIONS = YES;
				CLANG_WARN_DIRECT_OBJC_ISA_USAGE = YES_ERROR;
				CLANG_WARN_DOCUMENTATION_COMMENTS = YES;
				CLANG_WARN_EMPTY_BODY = YES;
				CLANG_WARN_ENUM_CONVERSION = YES;
				CLANG_WARN_INFINITE_RECURSION = YES;
				CLANG_WARN_INT_CONVERSION = YES;
				CLANG_WARN_NON_LITERAL_NULL_CONVERSION = YES;
				CLANG_WARN_OBJC_IMPLICIT_RETAIN_SELF = YES;
				CLANG_WARN_OBJC_LITERAL_CONVERSION = YES;
				CLANG_WARN_OBJC_ROOT_CLASS = YES_ERROR;
				CLANG_WARN_RANGE_LOOP_ANALYSIS = YES;
				CLANG_WARN_STRICT_PROTOTYPES = YES;
				CLANG_WARN_SUSPICIOUS_MOVE = YES;
				CLANG_WARN_UNGUARDED_AVAILABILITY = YES_AGGRESSIVE;
				CLANG_WARN_UNREACHABLE_CODE = YES;
				CLANG_WARN__DUPLICATE_METHOD_MATCH = YES;
				COPY_PHASE_STRIP = NO;
				DEBUG_INFORMATION_FORMAT = dwarf;
				ENABLE_STRICT_OBJC_MSGSEND = YES;
				ENABLE_TESTABILITY = YES;
				GCC_C_LANGUAGE_STANDARD = gnu11;
				GCC_DYNAMIC_NO_PIC = NO;
				GCC_NO_COMMON_BLOCKS = YES;
				GCC_OPTIMIZATION_LEVEL = 0;
				GCC_PREPROCESSOR_DEFINITIONS = (
					"DEBUG=1",
					"$(inherited)",
				);
				GCC_WARN_64_TO_32_BIT_CONVERSION = YES;
				GCC_WARN_ABOUT_RETURN_TYPE = YES_ERROR;
				GCC_WARN_UNDECLARED_SELECTOR = YES;
				GCC_WARN_UNINITIALIZED_AUTOS = YES_AGGRESSIVE;
				GCC_WARN_UNUSED_FUNCTION = YES;
				GCC_WARN_UNUSED_VARIABLE = YES;
				IPHONEOS_DEPLOYMENT_TARGET = 13.1;
				MTL_ENABLE_DEBUG_INFO = INCLUDE_SOURCE;
				MTL_FAST_MATH = YES;
				ONLY_ACTIVE_ARCH = YES;
				SDKROOT = iphoneos;
				SWIFT_ACTIVE_COMPILATION_CONDITIONS = DEBUG;
				SWIFT_OPTIMIZATION_LEVEL = "-Onone";
			};
			name = Debug;
		};
		B840C3D9235A0219006E1D1E /* Release */ = {
			isa = XCBuildConfiguration;
			buildSettings = {
				ALWAYS_EMBED_SWIFT_STANDARD_LIBRARIES = NO;
				ALWAYS_SEARCH_USER_PATHS = NO;
				CLANG_ANALYZER_NONNULL = YES;
				CLANG_ANALYZER_NUMBER_OBJECT_CONVERSION = YES_AGGRESSIVE;
				CLANG_CXX_LANGUAGE_STANDARD = "gnu++14";
				CLANG_CXX_LIBRARY = "libc++";
				CLANG_ENABLE_MODULES = YES;
				CLANG_ENABLE_OBJC_ARC = YES;
				CLANG_ENABLE_OBJC_WEAK = YES;
				CLANG_WARN_BLOCK_CAPTURE_AUTORELEASING = YES;
				CLANG_WARN_BOOL_CONVERSION = YES;
				CLANG_WARN_COMMA = YES;
				CLANG_WARN_CONSTANT_CONVERSION = YES;
				CLANG_WARN_DEPRECATED_OBJC_IMPLEMENTATIONS = YES;
				CLANG_WARN_DIRECT_OBJC_ISA_USAGE = YES_ERROR;
				CLANG_WARN_DOCUMENTATION_COMMENTS = YES;
				CLANG_WARN_EMPTY_BODY = YES;
				CLANG_WARN_ENUM_CONVERSION = YES;
				CLANG_WARN_INFINITE_RECURSION = YES;
				CLANG_WARN_INT_CONVERSION = YES;
				CLANG_WARN_NON_LITERAL_NULL_CONVERSION = YES;
				CLANG_WARN_OBJC_IMPLICIT_RETAIN_SELF = YES;
				CLANG_WARN_OBJC_LITERAL_CONVERSION = YES;
				CLANG_WARN_OBJC_ROOT_CLASS = YES_ERROR;
				CLANG_WARN_RANGE_LOOP_ANALYSIS = YES;
				CLANG_WARN_STRICT_PROTOTYPES = YES;
				CLANG_WARN_SUSPICIOUS_MOVE = YES;
				CLANG_WARN_UNGUARDED_AVAILABILITY = YES_AGGRESSIVE;
				CLANG_WARN_UNREACHABLE_CODE = YES;
				CLANG_WARN__DUPLICATE_METHOD_MATCH = YES;
				COPY_PHASE_STRIP = NO;
				DEBUG_INFORMATION_FORMAT = "dwarf-with-dsym";
				ENABLE_NS_ASSERTIONS = NO;
				ENABLE_STRICT_OBJC_MSGSEND = YES;
				GCC_C_LANGUAGE_STANDARD = gnu11;
				GCC_NO_COMMON_BLOCKS = YES;
				GCC_WARN_64_TO_32_BIT_CONVERSION = YES;
				GCC_WARN_ABOUT_RETURN_TYPE = YES_ERROR;
				GCC_WARN_UNDECLARED_SELECTOR = YES;
				GCC_WARN_UNINITIALIZED_AUTOS = YES_AGGRESSIVE;
				GCC_WARN_UNUSED_FUNCTION = YES;
				GCC_WARN_UNUSED_VARIABLE = YES;
				IPHONEOS_DEPLOYMENT_TARGET = 13.1;
				MTL_ENABLE_DEBUG_INFO = NO;
				MTL_FAST_MATH = YES;
				SDKROOT = iphoneos;
				SWIFT_COMPILATION_MODE = wholemodule;
				SWIFT_OPTIMIZATION_LEVEL = "-O";
				VALIDATE_PRODUCT = YES;
			};
			name = Release;
		};
		B840C3DB235A0219006E1D1E /* Debug */ = {
			isa = XCBuildConfiguration;
			baseConfigurationReference = C84C27F349CCCB7077FF3D1C /* Pods-MovieDB.debug.xcconfig */;
			buildSettings = {
				ALWAYS_EMBED_SWIFT_STANDARD_LIBRARIES = "$(inherited)";
				ASSETCATALOG_COMPILER_APPICON_NAME = AppIcon;
				CODE_SIGN_STYLE = Automatic;
				DEVELOPMENT_TEAM = J98FW8N44Z;
				INFOPLIST_FILE = MovieDB/Info.plist;
				LD_RUNPATH_SEARCH_PATHS = (
					"$(inherited)",
					"@executable_path/Frameworks",
				);
				PRODUCT_BUNDLE_IDENTIFIER = com.imark.MovieDB;
				PRODUCT_NAME = "$(TARGET_NAME)";
				SWIFT_VERSION = 5.0;
				TARGETED_DEVICE_FAMILY = "1,2";
			};
			name = Debug;
		};
		B840C3DC235A0219006E1D1E /* Release */ = {
			isa = XCBuildConfiguration;
			baseConfigurationReference = 569D363AC2BD2B271386A8B1 /* Pods-MovieDB.release.xcconfig */;
			buildSettings = {
				ALWAYS_EMBED_SWIFT_STANDARD_LIBRARIES = "$(inherited)";
				ASSETCATALOG_COMPILER_APPICON_NAME = AppIcon;
				CODE_SIGN_STYLE = Automatic;
				DEVELOPMENT_TEAM = J98FW8N44Z;
				INFOPLIST_FILE = MovieDB/Info.plist;
				LD_RUNPATH_SEARCH_PATHS = (
					"$(inherited)",
					"@executable_path/Frameworks",
				);
				PRODUCT_BUNDLE_IDENTIFIER = com.imark.MovieDB;
				PRODUCT_NAME = "$(TARGET_NAME)";
				SWIFT_VERSION = 5.0;
				TARGETED_DEVICE_FAMILY = "1,2";
			};
			name = Release;
		};
		B840C3DE235A0219006E1D1E /* Debug */ = {
			isa = XCBuildConfiguration;
			baseConfigurationReference = F6AA9B75BF1F73607FE3F34D /* Pods-MovieDBTests.debug.xcconfig */;
			buildSettings = {
				ALWAYS_EMBED_SWIFT_STANDARD_LIBRARIES = "$(inherited)";
				BUNDLE_LOADER = "$(TEST_HOST)";
				CODE_SIGN_STYLE = Automatic;
				DEVELOPMENT_TEAM = J98FW8N44Z;
				INFOPLIST_FILE = MovieDBTests/Info.plist;
				IPHONEOS_DEPLOYMENT_TARGET = 13.1;
				LD_RUNPATH_SEARCH_PATHS = (
					"$(inherited)",
					"@executable_path/Frameworks",
					"@loader_path/Frameworks",
				);
				PRODUCT_BUNDLE_IDENTIFIER = com.imark.MovieDBTests;
				PRODUCT_NAME = "$(TARGET_NAME)";
				SWIFT_VERSION = 5.0;
				TARGETED_DEVICE_FAMILY = "1,2";
				TEST_HOST = "$(BUILT_PRODUCTS_DIR)/MovieDB.app/MovieDB";
			};
			name = Debug;
		};
		B840C3DF235A0219006E1D1E /* Release */ = {
			isa = XCBuildConfiguration;
			baseConfigurationReference = D00A5D138486204F8A5FF36B /* Pods-MovieDBTests.release.xcconfig */;
			buildSettings = {
				ALWAYS_EMBED_SWIFT_STANDARD_LIBRARIES = "$(inherited)";
				BUNDLE_LOADER = "$(TEST_HOST)";
				CODE_SIGN_STYLE = Automatic;
				DEVELOPMENT_TEAM = J98FW8N44Z;
				INFOPLIST_FILE = MovieDBTests/Info.plist;
				IPHONEOS_DEPLOYMENT_TARGET = 13.1;
				LD_RUNPATH_SEARCH_PATHS = (
					"$(inherited)",
					"@executable_path/Frameworks",
					"@loader_path/Frameworks",
				);
				PRODUCT_BUNDLE_IDENTIFIER = com.imark.MovieDBTests;
				PRODUCT_NAME = "$(TARGET_NAME)";
				SWIFT_VERSION = 5.0;
				TARGETED_DEVICE_FAMILY = "1,2";
				TEST_HOST = "$(BUILT_PRODUCTS_DIR)/MovieDB.app/MovieDB";
			};
			name = Release;
		};
		B840C3E1235A0219006E1D1E /* Debug */ = {
			isa = XCBuildConfiguration;
			baseConfigurationReference = B594EDA89517BCAE668B7486 /* Pods-MovieDBUITests.debug.xcconfig */;
			buildSettings = {
				ALWAYS_EMBED_SWIFT_STANDARD_LIBRARIES = "$(inherited)";
				CODE_SIGN_STYLE = Automatic;
				DEVELOPMENT_TEAM = J98FW8N44Z;
				INFOPLIST_FILE = MovieDBUITests/Info.plist;
				LD_RUNPATH_SEARCH_PATHS = (
					"$(inherited)",
					"@executable_path/Frameworks",
					"@loader_path/Frameworks",
				);
				PRODUCT_BUNDLE_IDENTIFIER = com.imark.MovieDBUITests;
				PRODUCT_NAME = "$(TARGET_NAME)";
				SWIFT_VERSION = 5.0;
				TARGETED_DEVICE_FAMILY = "1,2";
				TEST_TARGET_NAME = MovieDB;
			};
			name = Debug;
		};
		B840C3E2235A0219006E1D1E /* Release */ = {
			isa = XCBuildConfiguration;
			baseConfigurationReference = B34EBAE0CAB6AB41BA430ED7 /* Pods-MovieDBUITests.release.xcconfig */;
			buildSettings = {
				ALWAYS_EMBED_SWIFT_STANDARD_LIBRARIES = "$(inherited)";
				CODE_SIGN_STYLE = Automatic;
				DEVELOPMENT_TEAM = J98FW8N44Z;
				INFOPLIST_FILE = MovieDBUITests/Info.plist;
				LD_RUNPATH_SEARCH_PATHS = (
					"$(inherited)",
					"@executable_path/Frameworks",
					"@loader_path/Frameworks",
				);
				PRODUCT_BUNDLE_IDENTIFIER = com.imark.MovieDBUITests;
				PRODUCT_NAME = "$(TARGET_NAME)";
				SWIFT_VERSION = 5.0;
				TARGETED_DEVICE_FAMILY = "1,2";
				TEST_TARGET_NAME = MovieDB;
			};
			name = Release;
		};
/* End XCBuildConfiguration section */

/* Begin XCConfigurationList section */
		B840C3AB235A0218006E1D1E /* Build configuration list for PBXProject "MovieDB" */ = {
			isa = XCConfigurationList;
			buildConfigurations = (
				B840C3D8235A0219006E1D1E /* Debug */,
				B840C3D9235A0219006E1D1E /* Release */,
			);
			defaultConfigurationIsVisible = 0;
			defaultConfigurationName = Release;
		};
		B840C3DA235A0219006E1D1E /* Build configuration list for PBXNativeTarget "MovieDB" */ = {
			isa = XCConfigurationList;
			buildConfigurations = (
				B840C3DB235A0219006E1D1E /* Debug */,
				B840C3DC235A0219006E1D1E /* Release */,
			);
			defaultConfigurationIsVisible = 0;
			defaultConfigurationName = Release;
		};
		B840C3DD235A0219006E1D1E /* Build configuration list for PBXNativeTarget "MovieDBTests" */ = {
			isa = XCConfigurationList;
			buildConfigurations = (
				B840C3DE235A0219006E1D1E /* Debug */,
				B840C3DF235A0219006E1D1E /* Release */,
			);
			defaultConfigurationIsVisible = 0;
			defaultConfigurationName = Release;
		};
		B840C3E0235A0219006E1D1E /* Build configuration list for PBXNativeTarget "MovieDBUITests" */ = {
			isa = XCConfigurationList;
			buildConfigurations = (
				B840C3E1235A0219006E1D1E /* Debug */,
				B840C3E2235A0219006E1D1E /* Release */,
			);
			defaultConfigurationIsVisible = 0;
			defaultConfigurationName = Release;
		};
/* End XCConfigurationList section */
	};
	rootObject = B840C3A8235A0218006E1D1E /* Project object */;
}
