// !$*UTF8*$!
{
	archiveVersion = 1;
	classes = {
	};
	objectVersion = 51;
	objects = {

/* Begin PBXBuildFile section */
		246FCEC5C84D8B9CEB31A870 /* Pods_MovieDBTests.framework in Frameworks */ = {isa = PBXBuildFile; fileRef = C18971C520390FA1373F5BFA /* Pods_MovieDBTests.framework */; };
		3339CFA124D8A3AF269ACDAF /* Pods_MovieDB.framework in Frameworks */ = {isa = PBXBuildFile; fileRef = 9F926BC359255E1A6A2C6654 /* Pods_MovieDB.framework */; };
		5525FE32C05068F9798FF26E /* Pods_MovieDBUITests.framework in Frameworks */ = {isa = PBXBuildFile; fileRef = EB413F2476E457506DF281E0 /* Pods_MovieDBUITests.framework */; };
		B840C3BD235A0219006E1D1E /* Assets.xcassets in Resources */ = {isa = PBXBuildFile; fileRef = B840C3BC235A0219006E1D1E /* Assets.xcassets */; };
		B840C3C0235A0219006E1D1E /* LaunchScreen.storyboard in Resources */ = {isa = PBXBuildFile; fileRef = B840C3BE235A0219006E1D1E /* LaunchScreen.storyboard */; };
		D021CF12235C70DC00196E1F /* Localizable.strings in Resources */ = {isa = PBXBuildFile; fileRef = D021CF05235C70DC00196E1F /* Localizable.strings */; };
		D021CF13235C70DC00196E1F /* AppCoordinator.swift in Sources */ = {isa = PBXBuildFile; fileRef = D021CF08235C70DC00196E1F /* AppCoordinator.swift */; };
		D021CF14235C70DC00196E1F /* CoordinatorProtocol.swift in Sources */ = {isa = PBXBuildFile; fileRef = D021CF09235C70DC00196E1F /* CoordinatorProtocol.swift */; };
		D021CF15235C70DC00196E1F /* APIError.swift in Sources */ = {isa = PBXBuildFile; fileRef = D021CF0C235C70DC00196E1F /* APIError.swift */; };
		D021CF16235C70DC00196E1F /* APIClient.swift in Sources */ = {isa = PBXBuildFile; fileRef = D021CF0D235C70DC00196E1F /* APIClient.swift */; };
		D021CF17235C70DC00196E1F /* APIConstants.swift in Sources */ = {isa = PBXBuildFile; fileRef = D021CF0E235C70DC00196E1F /* APIConstants.swift */; };
		D021CF18235C70DC00196E1F /* APIRequest.swift in Sources */ = {isa = PBXBuildFile; fileRef = D021CF0F235C70DC00196E1F /* APIRequest.swift */; };
		D021CF19235C70DC00196E1F /* AppDelegate.swift in Sources */ = {isa = PBXBuildFile; fileRef = D021CF11235C70DC00196E1F /* AppDelegate.swift */; };
		D021CF51235C711A00196E1F /* LayoutConstants.swift in Sources */ = {isa = PBXBuildFile; fileRef = D021CF4C235C711A00196E1F /* LayoutConstants.swift */; };
		D021CF52235C711A00196E1F /* Main.storyboard in Resources */ = {isa = PBXBuildFile; fileRef = D021CF4D235C711A00196E1F /* Main.storyboard */; };
		D021CF53235C711A00196E1F /* Storyboarded.swift in Sources */ = {isa = PBXBuildFile; fileRef = D021CF4F235C711A00196E1F /* Storyboarded.swift */; };
		D0400915235CFEF600C18939 /* Reachability.swift in Sources */ = {isa = PBXBuildFile; fileRef = D0400914235CFEF600C18939 /* Reachability.swift */; };
		D0400917235D02FF00C18939 /* UserDefaults+extensions.swift in Sources */ = {isa = PBXBuildFile; fileRef = D0400916235D02FF00C18939 /* UserDefaults+extensions.swift */; };
		D0CFBB3A235C76B5005C6538 /* UIViewController+extensions.swift in Sources */ = {isa = PBXBuildFile; fileRef = D0CFBB39235C76B5005C6538 /* UIViewController+extensions.swift */; };
		D0CFBB67235CA041005C6538 /* Encodable+extensions.swift in Sources */ = {isa = PBXBuildFile; fileRef = D0CFBB66235CA041005C6538 /* Encodable+extensions.swift */; };
		D0CFBB8E235CB738005C6538 /* LoadingViewController.swift in Sources */ = {isa = PBXBuildFile; fileRef = D0CFBB6F235CB738005C6538 /* LoadingViewController.swift */; };
		D0CFBB8F235CB738005C6538 /* ErrorViewController.swift in Sources */ = {isa = PBXBuildFile; fileRef = D0CFBB71235CB738005C6538 /* ErrorViewController.swift */; };
		D0CFBB90235CB738005C6538 /* MovieDetailViewModel.swift in Sources */ = {isa = PBXBuildFile; fileRef = D0CFBB74235CB738005C6538 /* MovieDetailViewModel.swift */; };
		D0CFBB91235CB738005C6538 /* MovieDetailCoordinator.swift in Sources */ = {isa = PBXBuildFile; fileRef = D0CFBB76235CB738005C6538 /* MovieDetailCoordinator.swift */; };
		D0CFBB92235CB738005C6538 /* MovieDetailViewModelCell.swift in Sources */ = {isa = PBXBuildFile; fileRef = D0CFBB79235CB738005C6538 /* MovieDetailViewModelCell.swift */; };
		D0CFBB93235CB738005C6538 /* MovieDetailCell.xib in Resources */ = {isa = PBXBuildFile; fileRef = D0CFBB7B235CB738005C6538 /* MovieDetailCell.xib */; };
		D0CFBB94235CB738005C6538 /* MovieDetailCell.swift in Sources */ = {isa = PBXBuildFile; fileRef = D0CFBB7D235CB738005C6538 /* MovieDetailCell.swift */; };
		D0CFBB95235CB738005C6538 /* MovieDetailViewController.swift in Sources */ = {isa = PBXBuildFile; fileRef = D0CFBB7F235CB738005C6538 /* MovieDetailViewController.swift */; };
		D0CFBB96235CB738005C6538 /* MovieListViewModel.swift in Sources */ = {isa = PBXBuildFile; fileRef = D0CFBB82235CB738005C6538 /* MovieListViewModel.swift */; };
		D0CFBB97235CB738005C6538 /* MovieListCoordinator.swift in Sources */ = {isa = PBXBuildFile; fileRef = D0CFBB84235CB738005C6538 /* MovieListCoordinator.swift */; };
		D0CFBB98235CB738005C6538 /* MovieListViewModelCell.swift in Sources */ = {isa = PBXBuildFile; fileRef = D0CFBB87235CB738005C6538 /* MovieListViewModelCell.swift */; };
		D0CFBB99235CB738005C6538 /* MovieListCell.xib in Resources */ = {isa = PBXBuildFile; fileRef = D0CFBB89235CB738005C6538 /* MovieListCell.xib */; };
		D0CFBB9A235CB738005C6538 /* MovieListCell.swift in Sources */ = {isa = PBXBuildFile; fileRef = D0CFBB8B235CB738005C6538 /* MovieListCell.swift */; };
		D0CFBB9B235CB738005C6538 /* MovieListViewController.swift in Sources */ = {isa = PBXBuildFile; fileRef = D0CFBB8D235CB738005C6538 /* MovieListViewController.swift */; };
		D0CFBBAE235CB74D005C6538 /* MovieDetailRepository.swift in Sources */ = {isa = PBXBuildFile; fileRef = D0CFBBA0235CB74D005C6538 /* MovieDetailRepository.swift */; };
		D0CFBBAF235CB74D005C6538 /* MovieDetailResponse.swift in Sources */ = {isa = PBXBuildFile; fileRef = D0CFBBA2235CB74D005C6538 /* MovieDetailResponse.swift */; };
		D0CFBBB0235CB74D005C6538 /* MovieDetailRequest.swift in Sources */ = {isa = PBXBuildFile; fileRef = D0CFBBA4235CB74D005C6538 /* MovieDetailRequest.swift */; };
		D0CFBBB1235CB74D005C6538 /* MovieListLocal.swift in Sources */ = {isa = PBXBuildFile; fileRef = D0CFBBA8235CB74D005C6538 /* MovieListLocal.swift */; };
		D0CFBBB2235CB74D005C6538 /* MovieListRepository.swift in Sources */ = {isa = PBXBuildFile; fileRef = D0CFBBA9235CB74D005C6538 /* MovieListRepository.swift */; };
		D0CFBBB3235CB74D005C6538 /* MovieListResponse.swift in Sources */ = {isa = PBXBuildFile; fileRef = D0CFBBAB235CB74D005C6538 /* MovieListResponse.swift */; };
		D0CFBBB4235CB74D005C6538 /* MovieListRequest.swift in Sources */ = {isa = PBXBuildFile; fileRef = D0CFBBAD235CB74D005C6538 /* MovieListRequest.swift */; };
		D0CFBBBC235CBB6A005C6538 /* MovieListViewModelTest.swift in Sources */ = {isa = PBXBuildFile; fileRef = D0CFBBBB235CBB6A005C6538 /* MovieListViewModelTest.swift */; };
		D0DE72F2235CBD9200248BAC /* MovieListRepositoryMock.swift in Sources */ = {isa = PBXBuildFile; fileRef = D0DE72F1235CBD9200248BAC /* MovieListRepositoryMock.swift */; };
		D0DE72F6235CBF6800248BAC /* APIClientMock.swift in Sources */ = {isa = PBXBuildFile; fileRef = D0DE72F5235CBF6800248BAC /* APIClientMock.swift */; };
		D0DE72F9235CC08700248BAC /* MovieListLocalMock.swift in Sources */ = {isa = PBXBuildFile; fileRef = D0DE72F8235CC08700248BAC /* MovieListLocalMock.swift */; };
		D0DE72FB235CC60D00248BAC /* MovieListCoordinatorTest.swift in Sources */ = {isa = PBXBuildFile; fileRef = D0DE72FA235CC60D00248BAC /* MovieListCoordinatorTest.swift */; };
		D0DE72FE235CCA6000248BAC /* UINavigationControllerMock.swift in Sources */ = {isa = PBXBuildFile; fileRef = D0DE72FD235CCA6000248BAC /* UINavigationControllerMock.swift */; };
		D0DE7300235CCFE900248BAC /* MovieListViewModelCellTest.swift in Sources */ = {isa = PBXBuildFile; fileRef = D0DE72FF235CCFE900248BAC /* MovieListViewModelCellTest.swift */; };
		D0DE7306235CD2FB00248BAC /* MovieDetailCoordinatorTest.swift in Sources */ = {isa = PBXBuildFile; fileRef = D0DE7305235CD2FB00248BAC /* MovieDetailCoordinatorTest.swift */; };
		D0DE7308235CD38D00248BAC /* MovieDetailViewModelTest.swift in Sources */ = {isa = PBXBuildFile; fileRef = D0DE7307235CD38D00248BAC /* MovieDetailViewModelTest.swift */; };
		D0DE730A235CD3DA00248BAC /* MovieDetailRepositoryMock.swift in Sources */ = {isa = PBXBuildFile; fileRef = D0DE7309235CD3DA00248BAC /* MovieDetailRepositoryMock.swift */; };
		D0DE730C235CD98300248BAC /* MovieDetailViewModelCellTest.swift in Sources */ = {isa = PBXBuildFile; fileRef = D0DE730B235CD98300248BAC /* MovieDetailViewModelCellTest.swift */; };
		D0DE730F235CE1E700248BAC /* XCTest+extensions.swift in Sources */ = {isa = PBXBuildFile; fileRef = D0DE730E235CE1E700248BAC /* XCTest+extensions.swift */; };
		D0DE7311235CE20200248BAC /* XCUIApplication+extensions.swift in Sources */ = {isa = PBXBuildFile; fileRef = D0DE7310235CE20200248BAC /* XCUIApplication+extensions.swift */; };
		D0DE7315235CE26800248BAC /* BaseUITest.swift in Sources */ = {isa = PBXBuildFile; fileRef = D0DE7314235CE26800248BAC /* BaseUITest.swift */; };
		D0DE7317235CE29900248BAC /* MovieDBUIApplication.swift in Sources */ = {isa = PBXBuildFile; fileRef = D0DE7316235CE29900248BAC /* MovieDBUIApplication.swift */; };
		D0DE731A235CE2E900248BAC /* TestConstants.swift in Sources */ = {isa = PBXBuildFile; fileRef = D0DE7319235CE2E900248BAC /* TestConstants.swift */; };
		D0DE731B235CE43700248BAC /* TestConstants.swift in Sources */ = {isa = PBXBuildFile; fileRef = D0DE7319235CE2E900248BAC /* TestConstants.swift */; };
		D0DE731D235CE49000248BAC /* MovieListUITest.swift in Sources */ = {isa = PBXBuildFile; fileRef = D0DE731C235CE49000248BAC /* MovieListUITest.swift */; };
		D0DE731F235CE71F00248BAC /* XCUIElement+extensions.swift in Sources */ = {isa = PBXBuildFile; fileRef = D0DE731E235CE71F00248BAC /* XCUIElement+extensions.swift */; };
/* End PBXBuildFile section */

/* Begin PBXContainerItemProxy section */
		B840C3C7235A0219006E1D1E /* PBXContainerItemProxy */ = {
			isa = PBXContainerItemProxy;
			containerPortal = B840C3A8235A0218006E1D1E /* Project object */;
			proxyType = 1;
			remoteGlobalIDString = B840C3AF235A0218006E1D1E;
			remoteInfo = MovieDB;
		};
		B840C3D2235A0219006E1D1E /* PBXContainerItemProxy */ = {
			isa = PBXContainerItemProxy;
			containerPortal = B840C3A8235A0218006E1D1E /* Project object */;
			proxyType = 1;
			remoteGlobalIDString = B840C3AF235A0218006E1D1E;
			remoteInfo = MovieDB;
		};
/* End PBXContainerItemProxy section */

/* Begin PBXFileReference section */
		569D363AC2BD2B271386A8B1 /* Pods-MovieDB.release.xcconfig */ = {isa = PBXFileReference; includeInIndex = 1; lastKnownFileType = text.xcconfig; name = "Pods-MovieDB.release.xcconfig"; path = "Target Support Files/Pods-MovieDB/Pods-MovieDB.release.xcconfig"; sourceTree = "<group>"; };
		9F926BC359255E1A6A2C6654 /* Pods_MovieDB.framework */ = {isa = PBXFileReference; explicitFileType = wrapper.framework; includeInIndex = 0; path = Pods_MovieDB.framework; sourceTree = BUILT_PRODUCTS_DIR; };
		B34EBAE0CAB6AB41BA430ED7 /* Pods-MovieDBUITests.release.xcconfig */ = {isa = PBXFileReference; includeInIndex = 1; lastKnownFileType = text.xcconfig; name = "Pods-MovieDBUITests.release.xcconfig"; path = "Target Support Files/Pods-MovieDBUITests/Pods-MovieDBUITests.release.xcconfig"; sourceTree = "<group>"; };
		B594EDA89517BCAE668B7486 /* Pods-MovieDBUITests.debug.xcconfig */ = {isa = PBXFileReference; includeInIndex = 1; lastKnownFileType = text.xcconfig; name = "Pods-MovieDBUITests.debug.xcconfig"; path = "Target Support Files/Pods-MovieDBUITests/Pods-MovieDBUITests.debug.xcconfig"; sourceTree = "<group>"; };
		B840C3B0235A0218006E1D1E /* MovieDB.app */ = {isa = PBXFileReference; explicitFileType = wrapper.application; includeInIndex = 0; path = MovieDB.app; sourceTree = BUILT_PRODUCTS_DIR; };
		B840C3BC235A0219006E1D1E /* Assets.xcassets */ = {isa = PBXFileReference; lastKnownFileType = folder.assetcatalog; path = Assets.xcassets; sourceTree = "<group>"; };
		B840C3BF235A0219006E1D1E /* Base */ = {isa = PBXFileReference; lastKnownFileType = file.storyboard; name = Base; path = Base.lproj/LaunchScreen.storyboard; sourceTree = "<group>"; };
		B840C3C1235A0219006E1D1E /* Info.plist */ = {isa = PBXFileReference; lastKnownFileType = text.plist.xml; path = Info.plist; sourceTree = "<group>"; };
		B840C3C6235A0219006E1D1E /* MovieDBTests.xctest */ = {isa = PBXFileReference; explicitFileType = wrapper.cfbundle; includeInIndex = 0; path = MovieDBTests.xctest; sourceTree = BUILT_PRODUCTS_DIR; };
		B840C3CC235A0219006E1D1E /* Info.plist */ = {isa = PBXFileReference; lastKnownFileType = text.plist.xml; path = Info.plist; sourceTree = "<group>"; };
		B840C3D1235A0219006E1D1E /* MovieDBUITests.xctest */ = {isa = PBXFileReference; explicitFileType = wrapper.cfbundle; includeInIndex = 0; path = MovieDBUITests.xctest; sourceTree = BUILT_PRODUCTS_DIR; };
		B840C3D7235A0219006E1D1E /* Info.plist */ = {isa = PBXFileReference; lastKnownFileType = text.plist.xml; path = Info.plist; sourceTree = "<group>"; };
		C18971C520390FA1373F5BFA /* Pods_MovieDBTests.framework */ = {isa = PBXFileReference; explicitFileType = wrapper.framework; includeInIndex = 0; path = Pods_MovieDBTests.framework; sourceTree = BUILT_PRODUCTS_DIR; };
		C84C27F349CCCB7077FF3D1C /* Pods-MovieDB.debug.xcconfig */ = {isa = PBXFileReference; includeInIndex = 1; lastKnownFileType = text.xcconfig; name = "Pods-MovieDB.debug.xcconfig"; path = "Target Support Files/Pods-MovieDB/Pods-MovieDB.debug.xcconfig"; sourceTree = "<group>"; };
		D00A5D138486204F8A5FF36B /* Pods-MovieDBTests.release.xcconfig */ = {isa = PBXFileReference; includeInIndex = 1; lastKnownFileType = text.xcconfig; name = "Pods-MovieDBTests.release.xcconfig"; path = "Target Support Files/Pods-MovieDBTests/Pods-MovieDBTests.release.xcconfig"; sourceTree = "<group>"; };
		D021CF06235C70DC00196E1F /* en */ = {isa = PBXFileReference; lastKnownFileType = text.plist.strings; name = en; path = en.lproj/Localizable.strings; sourceTree = "<group>"; };
		D021CF08235C70DC00196E1F /* AppCoordinator.swift */ = {isa = PBXFileReference; fileEncoding = 4; lastKnownFileType = sourcecode.swift; path = AppCoordinator.swift; sourceTree = "<group>"; };
		D021CF09235C70DC00196E1F /* CoordinatorProtocol.swift */ = {isa = PBXFileReference; fileEncoding = 4; lastKnownFileType = sourcecode.swift; path = CoordinatorProtocol.swift; sourceTree = "<group>"; };
		D021CF0A235C70DC00196E1F /* es */ = {isa = PBXFileReference; lastKnownFileType = text.plist.strings; name = es; path = es.lproj/Localizable.strings; sourceTree = "<group>"; };
		D021CF0C235C70DC00196E1F /* APIError.swift */ = {isa = PBXFileReference; fileEncoding = 4; lastKnownFileType = sourcecode.swift; path = APIError.swift; sourceTree = "<group>"; };
		D021CF0D235C70DC00196E1F /* APIClient.swift */ = {isa = PBXFileReference; fileEncoding = 4; lastKnownFileType = sourcecode.swift; path = APIClient.swift; sourceTree = "<group>"; };
		D021CF0E235C70DC00196E1F /* APIConstants.swift */ = {isa = PBXFileReference; fileEncoding = 4; lastKnownFileType = sourcecode.swift; path = APIConstants.swift; sourceTree = "<group>"; };
		D021CF0F235C70DC00196E1F /* APIRequest.swift */ = {isa = PBXFileReference; fileEncoding = 4; lastKnownFileType = sourcecode.swift; path = APIRequest.swift; sourceTree = "<group>"; };
		D021CF11235C70DC00196E1F /* AppDelegate.swift */ = {isa = PBXFileReference; fileEncoding = 4; lastKnownFileType = sourcecode.swift; path = AppDelegate.swift; sourceTree = "<group>"; };
		D021CF4C235C711A00196E1F /* LayoutConstants.swift */ = {isa = PBXFileReference; fileEncoding = 4; lastKnownFileType = sourcecode.swift; path = LayoutConstants.swift; sourceTree = "<group>"; };
		D021CF4E235C711A00196E1F /* Base */ = {isa = PBXFileReference; lastKnownFileType = file.storyboard; name = Base; path = Base.lproj/Main.storyboard; sourceTree = "<group>"; };
		D021CF4F235C711A00196E1F /* Storyboarded.swift */ = {isa = PBXFileReference; fileEncoding = 4; lastKnownFileType = sourcecode.swift; path = Storyboarded.swift; sourceTree = "<group>"; };
		D0400914235CFEF600C18939 /* Reachability.swift */ = {isa = PBXFileReference; lastKnownFileType = sourcecode.swift; path = Reachability.swift; sourceTree = "<group>"; };
		D0400916235D02FF00C18939 /* UserDefaults+extensions.swift */ = {isa = PBXFileReference; lastKnownFileType = sourcecode.swift; path = "UserDefaults+extensions.swift"; sourceTree = "<group>"; };
		D0CFBB39235C76B5005C6538 /* UIViewController+extensions.swift */ = {isa = PBXFileReference; lastKnownFileType = sourcecode.swift; path = "UIViewController+extensions.swift"; sourceTree = "<group>"; };
		D0CFBB66235CA041005C6538 /* Encodable+extensions.swift */ = {isa = PBXFileReference; lastKnownFileType = sourcecode.swift; path = "Encodable+extensions.swift"; sourceTree = "<group>"; };
		D0CFBB6F235CB738005C6538 /* LoadingViewController.swift */ = {isa = PBXFileReference; fileEncoding = 4; lastKnownFileType = sourcecode.swift; path = LoadingViewController.swift; sourceTree = "<group>"; };
		D0CFBB71235CB738005C6538 /* ErrorViewController.swift */ = {isa = PBXFileReference; fileEncoding = 4; lastKnownFileType = sourcecode.swift; path = ErrorViewController.swift; sourceTree = "<group>"; };
		D0CFBB74235CB738005C6538 /* MovieDetailViewModel.swift */ = {isa = PBXFileReference; fileEncoding = 4; lastKnownFileType = sourcecode.swift; path = MovieDetailViewModel.swift; sourceTree = "<group>"; };
		D0CFBB76235CB738005C6538 /* MovieDetailCoordinator.swift */ = {isa = PBXFileReference; fileEncoding = 4; lastKnownFileType = sourcecode.swift; path = MovieDetailCoordinator.swift; sourceTree = "<group>"; };
		D0CFBB79235CB738005C6538 /* MovieDetailViewModelCell.swift */ = {isa = PBXFileReference; fileEncoding = 4; lastKnownFileType = sourcecode.swift; path = MovieDetailViewModelCell.swift; sourceTree = "<group>"; };
		D0CFBB7B235CB738005C6538 /* MovieDetailCell.xib */ = {isa = PBXFileReference; fileEncoding = 4; lastKnownFileType = file.xib; path = MovieDetailCell.xib; sourceTree = "<group>"; };
		D0CFBB7D235CB738005C6538 /* MovieDetailCell.swift */ = {isa = PBXFileReference; fileEncoding = 4; lastKnownFileType = sourcecode.swift; path = MovieDetailCell.swift; sourceTree = "<group>"; };
		D0CFBB7F235CB738005C6538 /* MovieDetailViewController.swift */ = {isa = PBXFileReference; fileEncoding = 4; lastKnownFileType = sourcecode.swift; path = MovieDetailViewController.swift; sourceTree = "<group>"; };
		D0CFBB82235CB738005C6538 /* MovieListViewModel.swift */ = {isa = PBXFileReference; fileEncoding = 4; lastKnownFileType = sourcecode.swift; path = MovieListViewModel.swift; sourceTree = "<group>"; };
		D0CFBB84235CB738005C6538 /* MovieListCoordinator.swift */ = {isa = PBXFileReference; fileEncoding = 4; lastKnownFileType = sourcecode.swift; path = MovieListCoordinator.swift; sourceTree = "<group>"; };
		D0CFBB87235CB738005C6538 /* MovieListViewModelCell.swift */ = {isa = PBXFileReference; fileEncoding = 4; lastKnownFileType = sourcecode.swift; path = MovieListViewModelCell.swift; sourceTree = "<group>"; };
		D0CFBB89235CB738005C6538 /* MovieListCell.xib */ = {isa = PBXFileReference; fileEncoding = 4; lastKnownFileType = file.xib; path = MovieListCell.xib; sourceTree = "<group>"; };
		D0CFBB8B235CB738005C6538 /* MovieListCell.swift */ = {isa = PBXFileReference; fileEncoding = 4; lastKnownFileType = sourcecode.swift; path = MovieListCell.swift; sourceTree = "<group>"; };
		D0CFBB8D235CB738005C6538 /* MovieListViewController.swift */ = {isa = PBXFileReference; fileEncoding = 4; lastKnownFileType = sourcecode.swift; path = MovieListViewController.swift; sourceTree = "<group>"; };
		D0CFBBA0235CB74D005C6538 /* MovieDetailRepository.swift */ = {isa = PBXFileReference; fileEncoding = 4; lastKnownFileType = sourcecode.swift; path = MovieDetailRepository.swift; sourceTree = "<group>"; };
		D0CFBBA2235CB74D005C6538 /* MovieDetailResponse.swift */ = {isa = PBXFileReference; fileEncoding = 4; lastKnownFileType = sourcecode.swift; path = MovieDetailResponse.swift; sourceTree = "<group>"; };
		D0CFBBA4235CB74D005C6538 /* MovieDetailRequest.swift */ = {isa = PBXFileReference; fileEncoding = 4; lastKnownFileType = sourcecode.swift; path = MovieDetailRequest.swift; sourceTree = "<group>"; };
		D0CFBBA8235CB74D005C6538 /* MovieListLocal.swift */ = {isa = PBXFileReference; fileEncoding = 4; lastKnownFileType = sourcecode.swift; path = MovieListLocal.swift; sourceTree = "<group>"; };
		D0CFBBA9235CB74D005C6538 /* MovieListRepository.swift */ = {isa = PBXFileReference; fileEncoding = 4; lastKnownFileType = sourcecode.swift; path = MovieListRepository.swift; sourceTree = "<group>"; };
		D0CFBBAB235CB74D005C6538 /* MovieListResponse.swift */ = {isa = PBXFileReference; fileEncoding = 4; lastKnownFileType = sourcecode.swift; path = MovieListResponse.swift; sourceTree = "<group>"; };
		D0CFBBAD235CB74D005C6538 /* MovieListRequest.swift */ = {isa = PBXFileReference; fileEncoding = 4; lastKnownFileType = sourcecode.swift; path = MovieListRequest.swift; sourceTree = "<group>"; };
		D0CFBBBB235CBB6A005C6538 /* MovieListViewModelTest.swift */ = {isa = PBXFileReference; lastKnownFileType = sourcecode.swift; path = MovieListViewModelTest.swift; sourceTree = "<group>"; };
		D0DE72F1235CBD9200248BAC /* MovieListRepositoryMock.swift */ = {isa = PBXFileReference; lastKnownFileType = sourcecode.swift; path = MovieListRepositoryMock.swift; sourceTree = "<group>"; };
		D0DE72F5235CBF6800248BAC /* APIClientMock.swift */ = {isa = PBXFileReference; lastKnownFileType = sourcecode.swift; path = APIClientMock.swift; sourceTree = "<group>"; };
		D0DE72F8235CC08700248BAC /* MovieListLocalMock.swift */ = {isa = PBXFileReference; lastKnownFileType = sourcecode.swift; path = MovieListLocalMock.swift; sourceTree = "<group>"; };
		D0DE72FA235CC60D00248BAC /* MovieListCoordinatorTest.swift */ = {isa = PBXFileReference; lastKnownFileType = sourcecode.swift; path = MovieListCoordinatorTest.swift; sourceTree = "<group>"; };
		D0DE72FD235CCA6000248BAC /* UINavigationControllerMock.swift */ = {isa = PBXFileReference; lastKnownFileType = sourcecode.swift; path = UINavigationControllerMock.swift; sourceTree = "<group>"; };
		D0DE72FF235CCFE900248BAC /* MovieListViewModelCellTest.swift */ = {isa = PBXFileReference; lastKnownFileType = sourcecode.swift; path = MovieListViewModelCellTest.swift; sourceTree = "<group>"; };
		D0DE7305235CD2FB00248BAC /* MovieDetailCoordinatorTest.swift */ = {isa = PBXFileReference; lastKnownFileType = sourcecode.swift; path = MovieDetailCoordinatorTest.swift; sourceTree = "<group>"; };
		D0DE7307235CD38D00248BAC /* MovieDetailViewModelTest.swift */ = {isa = PBXFileReference; lastKnownFileType = sourcecode.swift; path = MovieDetailViewModelTest.swift; sourceTree = "<group>"; };
		D0DE7309235CD3DA00248BAC /* MovieDetailRepositoryMock.swift */ = {isa = PBXFileReference; lastKnownFileType = sourcecode.swift; path = MovieDetailRepositoryMock.swift; sourceTree = "<group>"; };
		D0DE730B235CD98300248BAC /* MovieDetailViewModelCellTest.swift */ = {isa = PBXFileReference; lastKnownFileType = sourcecode.swift; path = MovieDetailViewModelCellTest.swift; sourceTree = "<group>"; };
		D0DE730E235CE1E700248BAC /* XCTest+extensions.swift */ = {isa = PBXFileReference; lastKnownFileType = sourcecode.swift; path = "XCTest+extensions.swift"; sourceTree = "<group>"; };
		D0DE7310235CE20200248BAC /* XCUIApplication+extensions.swift */ = {isa = PBXFileReference; lastKnownFileType = sourcecode.swift; path = "XCUIApplication+extensions.swift"; sourceTree = "<group>"; };
		D0DE7314235CE26800248BAC /* BaseUITest.swift */ = {isa = PBXFileReference; lastKnownFileType = sourcecode.swift; path = BaseUITest.swift; sourceTree = "<group>"; };
		D0DE7316235CE29900248BAC /* MovieDBUIApplication.swift */ = {isa = PBXFileReference; lastKnownFileType = sourcecode.swift; path = MovieDBUIApplication.swift; sourceTree = "<group>"; };
		D0DE7319235CE2E900248BAC /* TestConstants.swift */ = {isa = PBXFileReference; lastKnownFileType = sourcecode.swift; path = TestConstants.swift; sourceTree = "<group>"; };
		D0DE731C235CE49000248BAC /* MovieListUITest.swift */ = {isa = PBXFileReference; lastKnownFileType = sourcecode.swift; path = MovieListUITest.swift; sourceTree = "<group>"; };
		D0DE731E235CE71F00248BAC /* XCUIElement+extensions.swift */ = {isa = PBXFileReference; lastKnownFileType = sourcecode.swift; path = "XCUIElement+extensions.swift"; sourceTree = "<group>"; };
		EB413F2476E457506DF281E0 /* Pods_MovieDBUITests.framework */ = {isa = PBXFileReference; explicitFileType = wrapper.framework; includeInIndex = 0; path = Pods_MovieDBUITests.framework; sourceTree = BUILT_PRODUCTS_DIR; };
		F6AA9B75BF1F73607FE3F34D /* Pods-MovieDBTests.debug.xcconfig */ = {isa = PBXFileReference; includeInIndex = 1; lastKnownFileType = text.xcconfig; name = "Pods-MovieDBTests.debug.xcconfig"; path = "Target Support Files/Pods-MovieDBTests/Pods-MovieDBTests.debug.xcconfig"; sourceTree = "<group>"; };
/* End PBXFileReference section */

/* Begin PBXFrameworksBuildPhase section */
		B840C3AD235A0218006E1D1E /* Frameworks */ = {
			isa = PBXFrameworksBuildPhase;
			buildActionMask = 2147483647;
			files = (
				3339CFA124D8A3AF269ACDAF /* Pods_MovieDB.framework in Frameworks */,
			);
			runOnlyForDeploymentPostprocessing = 0;
		};
		B840C3C3235A0219006E1D1E /* Frameworks */ = {
			isa = PBXFrameworksBuildPhase;
			buildActionMask = 2147483647;
			files = (
				246FCEC5C84D8B9CEB31A870 /* Pods_MovieDBTests.framework in Frameworks */,
			);
			runOnlyForDeploymentPostprocessing = 0;
		};
		B840C3CE235A0219006E1D1E /* Frameworks */ = {
			isa = PBXFrameworksBuildPhase;
			buildActionMask = 2147483647;
			files = (
				5525FE32C05068F9798FF26E /* Pods_MovieDBUITests.framework in Frameworks */,
			);
			runOnlyForDeploymentPostprocessing = 0;
		};
/* End PBXFrameworksBuildPhase section */

/* Begin PBXGroup section */
		2407FE73E5C5D93A4C5EE7BB /* Frameworks */ = {
			isa = PBXGroup;
			children = (
				9F926BC359255E1A6A2C6654 /* Pods_MovieDB.framework */,
				C18971C520390FA1373F5BFA /* Pods_MovieDBTests.framework */,
				EB413F2476E457506DF281E0 /* Pods_MovieDBUITests.framework */,
			);
			name = Frameworks;
			sourceTree = "<group>";
		};
		B840C3A7235A0218006E1D1E = {
			isa = PBXGroup;
			children = (
				B840C3B2235A0218006E1D1E /* MovieDB */,
				B840C3C9235A0219006E1D1E /* MovieDBTests */,
				B840C3D4235A0219006E1D1E /* MovieDBUITests */,
				B840C3B1235A0218006E1D1E /* Products */,
				D1F367CCA5AAB790D88CA1B6 /* Pods */,
				2407FE73E5C5D93A4C5EE7BB /* Frameworks */,
			);
			sourceTree = "<group>";
		};
		B840C3B1235A0218006E1D1E /* Products */ = {
			isa = PBXGroup;
			children = (
				B840C3B0235A0218006E1D1E /* MovieDB.app */,
				B840C3C6235A0219006E1D1E /* MovieDBTests.xctest */,
				B840C3D1235A0219006E1D1E /* MovieDBUITests.xctest */,
			);
			name = Products;
			sourceTree = "<group>";
		};
		B840C3B2235A0218006E1D1E /* MovieDB */ = {
			isa = PBXGroup;
			children = (
				D021CF04235C70DB00196E1F /* App */,
				D0CFBB9C235CB74D005C6538 /* Domain */,
				D021CF49235C711A00196E1F /* Layout */,
				D0CFBB6C235CB738005C6538 /* Modules */,
				B840C3BC235A0219006E1D1E /* Assets.xcassets */,
				B840C3BE235A0219006E1D1E /* LaunchScreen.storyboard */,
				B840C3C1235A0219006E1D1E /* Info.plist */,
			);
			path = MovieDB;
			sourceTree = "<group>";
		};
		B840C3C9235A0219006E1D1E /* MovieDBTests */ = {
			isa = PBXGroup;
			children = (
				D0DE72F0235CBD7900248BAC /* Mocks */,
				D0CFBBB5235CBAE8005C6538 /* Modules */,
				B840C3CC235A0219006E1D1E /* Info.plist */,
			);
			path = MovieDBTests;
			sourceTree = "<group>";
		};
		B840C3D4235A0219006E1D1E /* MovieDBUITests */ = {
			isa = PBXGroup;
			children = (
				D0DE7312235CE22600248BAC /* Modules */,
				D0DE730D235CE1C700248BAC /* Extensions */,
				B840C3D7235A0219006E1D1E /* Info.plist */,
				D0DE7314235CE26800248BAC /* BaseUITest.swift */,
				D0DE7316235CE29900248BAC /* MovieDBUIApplication.swift */,
			);
			path = MovieDBUITests;
			sourceTree = "<group>";
		};
		D021CF04235C70DB00196E1F /* App */ = {
			isa = PBXGroup;
			children = (
				D021CF05235C70DC00196E1F /* Localizable.strings */,
				D0400913235CFEE100C18939 /* Reachability */,
				D0DE7318235CE2D500248BAC /* AccesibiityTest */,
				D0CFBB38235C769E005C6538 /* Extensions */,
				D021CF07235C70DC00196E1F /* Coordinator */,
				D021CF0B235C70DC00196E1F /* Network */,
				D021CF10235C70DC00196E1F /* Delegate */,
			);
			path = App;
			sourceTree = "<group>";
		};
		D021CF07235C70DC00196E1F /* Coordinator */ = {
			isa = PBXGroup;
			children = (
				D021CF08235C70DC00196E1F /* AppCoordinator.swift */,
				D021CF09235C70DC00196E1F /* CoordinatorProtocol.swift */,
			);
			path = Coordinator;
			sourceTree = "<group>";
		};
		D021CF0B235C70DC00196E1F /* Network */ = {
			isa = PBXGroup;
			children = (
				D021CF0C235C70DC00196E1F /* APIError.swift */,
				D021CF0D235C70DC00196E1F /* APIClient.swift */,
				D021CF0E235C70DC00196E1F /* APIConstants.swift */,
				D021CF0F235C70DC00196E1F /* APIRequest.swift */,
			);
			path = Network;
			sourceTree = "<group>";
		};
		D021CF10235C70DC00196E1F /* Delegate */ = {
			isa = PBXGroup;
			children = (
				D021CF11235C70DC00196E1F /* AppDelegate.swift */,
			);
			path = Delegate;
			sourceTree = "<group>";
		};
		D021CF49235C711A00196E1F /* Layout */ = {
			isa = PBXGroup;
			children = (
				D021CF4F235C711A00196E1F /* Storyboarded.swift */,
				D021CF4C235C711A00196E1F /* LayoutConstants.swift */,
				D021CF4D235C711A00196E1F /* Main.storyboard */,
			);
			path = Layout;
			sourceTree = "<group>";
		};
		D0400913235CFEE100C18939 /* Reachability */ = {
			isa = PBXGroup;
			children = (
				D0400914235CFEF600C18939 /* Reachability.swift */,
			);
			path = Reachability;
			sourceTree = "<group>";
		};
		D0CFBB38235C769E005C6538 /* Extensions */ = {
			isa = PBXGroup;
			children = (
				D0CFBB39235C76B5005C6538 /* UIViewController+extensions.swift */,
				D0CFBB66235CA041005C6538 /* Encodable+extensions.swift */,
				D0400916235D02FF00C18939 /* UserDefaults+extensions.swift */,
			);
			path = Extensions;
			sourceTree = "<group>";
		};
		D0CFBB6C235CB738005C6538 /* Modules */ = {
			isa = PBXGroup;
			children = (
				D0CFBB6D235CB738005C6538 /* Common */,
				D0CFBB72235CB738005C6538 /* MovieDetail */,
				D0CFBB80235CB738005C6538 /* MovieList */,
			);
			path = Modules;
			sourceTree = "<group>";
		};
		D0CFBB6D235CB738005C6538 /* Common */ = {
			isa = PBXGroup;
			children = (
				D0CFBB6E235CB738005C6538 /* Loading */,
				D0CFBB70235CB738005C6538 /* Error */,
			);
			path = Common;
			sourceTree = "<group>";
		};
		D0CFBB6E235CB738005C6538 /* Loading */ = {
			isa = PBXGroup;
			children = (
				D0CFBB6F235CB738005C6538 /* LoadingViewController.swift */,
			);
			path = Loading;
			sourceTree = "<group>";
		};
		D0CFBB70235CB738005C6538 /* Error */ = {
			isa = PBXGroup;
			children = (
				D0CFBB71235CB738005C6538 /* ErrorViewController.swift */,
			);
			path = Error;
			sourceTree = "<group>";
		};
		D0CFBB72235CB738005C6538 /* MovieDetail */ = {
			isa = PBXGroup;
			children = (
				D0CFBB73235CB738005C6538 /* ViewModel */,
				D0CFBB75235CB738005C6538 /* Coordinator */,
				D0CFBB77235CB738005C6538 /* Cell */,
				D0CFBB7E235CB738005C6538 /* View */,
			);
			path = MovieDetail;
			sourceTree = "<group>";
		};
		D0CFBB73235CB738005C6538 /* ViewModel */ = {
			isa = PBXGroup;
			children = (
				D0CFBB74235CB738005C6538 /* MovieDetailViewModel.swift */,
			);
			path = ViewModel;
			sourceTree = "<group>";
		};
		D0CFBB75235CB738005C6538 /* Coordinator */ = {
			isa = PBXGroup;
			children = (
				D0CFBB76235CB738005C6538 /* MovieDetailCoordinator.swift */,
			);
			path = Coordinator;
			sourceTree = "<group>";
		};
		D0CFBB77235CB738005C6538 /* Cell */ = {
			isa = PBXGroup;
			children = (
				D0CFBB78235CB738005C6538 /* ViewModel */,
				D0CFBB7A235CB738005C6538 /* Layout */,
				D0CFBB7C235CB738005C6538 /* View */,
			);
			path = Cell;
			sourceTree = "<group>";
		};
		D0CFBB78235CB738005C6538 /* ViewModel */ = {
			isa = PBXGroup;
			children = (
				D0CFBB79235CB738005C6538 /* MovieDetailViewModelCell.swift */,
			);
			path = ViewModel;
			sourceTree = "<group>";
		};
		D0CFBB7A235CB738005C6538 /* Layout */ = {
			isa = PBXGroup;
			children = (
				D0CFBB7B235CB738005C6538 /* MovieDetailCell.xib */,
			);
			path = Layout;
			sourceTree = "<group>";
		};
		D0CFBB7C235CB738005C6538 /* View */ = {
			isa = PBXGroup;
			children = (
				D0CFBB7D235CB738005C6538 /* MovieDetailCell.swift */,
			);
			path = View;
			sourceTree = "<group>";
		};
		D0CFBB7E235CB738005C6538 /* View */ = {
			isa = PBXGroup;
			children = (
				D0CFBB7F235CB738005C6538 /* MovieDetailViewController.swift */,
			);
			path = View;
			sourceTree = "<group>";
		};
		D0CFBB80235CB738005C6538 /* MovieList */ = {
			isa = PBXGroup;
			children = (
				D0CFBB81235CB738005C6538 /* ViewModel */,
				D0CFBB83235CB738005C6538 /* Coordinator */,
				D0CFBB85235CB738005C6538 /* Cell */,
				D0CFBB8C235CB738005C6538 /* View */,
			);
			path = MovieList;
			sourceTree = "<group>";
		};
		D0CFBB81235CB738005C6538 /* ViewModel */ = {
			isa = PBXGroup;
			children = (
				D0CFBB82235CB738005C6538 /* MovieListViewModel.swift */,
			);
			path = ViewModel;
			sourceTree = "<group>";
		};
		D0CFBB83235CB738005C6538 /* Coordinator */ = {
			isa = PBXGroup;
			children = (
				D0CFBB84235CB738005C6538 /* MovieListCoordinator.swift */,
			);
			path = Coordinator;
			sourceTree = "<group>";
		};
		D0CFBB85235CB738005C6538 /* Cell */ = {
			isa = PBXGroup;
			children = (
				D0CFBB86235CB738005C6538 /* ViewModel */,
				D0CFBB88235CB738005C6538 /* Layout */,
				D0CFBB8A235CB738005C6538 /* View */,
			);
			path = Cell;
			sourceTree = "<group>";
		};
		D0CFBB86235CB738005C6538 /* ViewModel */ = {
			isa = PBXGroup;
			children = (
				D0CFBB87235CB738005C6538 /* MovieListViewModelCell.swift */,
			);
			path = ViewModel;
			sourceTree = "<group>";
		};
		D0CFBB88235CB738005C6538 /* Layout */ = {
			isa = PBXGroup;
			children = (
				D0CFBB89235CB738005C6538 /* MovieListCell.xib */,
			);
			path = Layout;
			sourceTree = "<group>";
		};
		D0CFBB8A235CB738005C6538 /* View */ = {
			isa = PBXGroup;
			children = (
				D0CFBB8B235CB738005C6538 /* MovieListCell.swift */,
			);
			path = View;
			sourceTree = "<group>";
		};
		D0CFBB8C235CB738005C6538 /* View */ = {
			isa = PBXGroup;
			children = (
				D0CFBB8D235CB738005C6538 /* MovieListViewController.swift */,
			);
			path = View;
			sourceTree = "<group>";
		};
		D0CFBB9C235CB74D005C6538 /* Domain */ = {
			isa = PBXGroup;
			children = (
				D0CFBB9D235CB74D005C6538 /* MovieDetail */,
				D0CFBBA5235CB74D005C6538 /* MovieList */,
			);
			path = Domain;
			sourceTree = "<group>";
		};
		D0CFBB9D235CB74D005C6538 /* MovieDetail */ = {
			isa = PBXGroup;
			children = (
				D0CFBB9E235CB74D005C6538 /* Repository */,
				D0CFBBA1235CB74D005C6538 /* Model */,
				D0CFBBA3235CB74D005C6538 /* Request */,
			);
			path = MovieDetail;
			sourceTree = "<group>";
		};
		D0CFBB9E235CB74D005C6538 /* Repository */ = {
			isa = PBXGroup;
			children = (
				D0CFBB9F235CB74D005C6538 /* Local */,
				D0CFBBA0235CB74D005C6538 /* MovieDetailRepository.swift */,
			);
			path = Repository;
			sourceTree = "<group>";
		};
		D0CFBB9F235CB74D005C6538 /* Local */ = {
			isa = PBXGroup;
			children = (
			);
			path = Local;
			sourceTree = "<group>";
		};
		D0CFBBA1235CB74D005C6538 /* Model */ = {
			isa = PBXGroup;
			children = (
				D0CFBBA2235CB74D005C6538 /* MovieDetailResponse.swift */,
			);
			path = Model;
			sourceTree = "<group>";
		};
		D0CFBBA3235CB74D005C6538 /* Request */ = {
			isa = PBXGroup;
			children = (
				D0CFBBA4235CB74D005C6538 /* MovieDetailRequest.swift */,
			);
			path = Request;
			sourceTree = "<group>";
		};
		D0CFBBA5235CB74D005C6538 /* MovieList */ = {
			isa = PBXGroup;
			children = (
				D0CFBBA6235CB74D005C6538 /* Repository */,
				D0CFBBAA235CB74D005C6538 /* Model */,
				D0CFBBAC235CB74D005C6538 /* Request */,
			);
			path = MovieList;
			sourceTree = "<group>";
		};
		D0CFBBA6235CB74D005C6538 /* Repository */ = {
			isa = PBXGroup;
			children = (
				D0CFBBA7235CB74D005C6538 /* Local */,
				D0CFBBA9235CB74D005C6538 /* MovieListRepository.swift */,
			);
			path = Repository;
			sourceTree = "<group>";
		};
		D0CFBBA7235CB74D005C6538 /* Local */ = {
			isa = PBXGroup;
			children = (
				D0CFBBA8235CB74D005C6538 /* MovieListLocal.swift */,
			);
			path = Local;
			sourceTree = "<group>";
		};
		D0CFBBAA235CB74D005C6538 /* Model */ = {
			isa = PBXGroup;
			children = (
				D0CFBBAB235CB74D005C6538 /* MovieListResponse.swift */,
			);
			path = Model;
			sourceTree = "<group>";
		};
		D0CFBBAC235CB74D005C6538 /* Request */ = {
			isa = PBXGroup;
			children = (
				D0CFBBAD235CB74D005C6538 /* MovieListRequest.swift */,
			);
			path = Request;
			sourceTree = "<group>";
		};
		D0CFBBB5235CBAE8005C6538 /* Modules */ = {
			isa = PBXGroup;
			children = (
				D0CFBBB7235CBAF5005C6538 /* Detail */,
				D0CFBBB6235CBAF1005C6538 /* List */,
			);
			path = Modules;
			sourceTree = "<group>";
		};
		D0CFBBB6235CBAF1005C6538 /* List */ = {
			isa = PBXGroup;
			children = (
				D0CFBBBA235CBB26005C6538 /* Coordinator */,
				D0CFBBB9235CBB20005C6538 /* ViewModel */,
				D0CFBBB8235CBB17005C6538 /* View */,
			);
			path = List;
			sourceTree = "<group>";
		};
		D0CFBBB7235CBAF5005C6538 /* Detail */ = {
			isa = PBXGroup;
			children = (
				D0DE7304235CD2AB00248BAC /* View */,
				D0DE7302235CD29200248BAC /* ViewModel */,
				D0DE7301235CD28600248BAC /* Coordinator */,
			);
			path = Detail;
			sourceTree = "<group>";
		};
		D0CFBBB8235CBB17005C6538 /* View */ = {
			isa = PBXGroup;
			children = (
				D0DE72FF235CCFE900248BAC /* MovieListViewModelCellTest.swift */,
			);
			path = View;
			sourceTree = "<group>";
		};
		D0CFBBB9235CBB20005C6538 /* ViewModel */ = {
			isa = PBXGroup;
			children = (
				D0CFBBBB235CBB6A005C6538 /* MovieListViewModelTest.swift */,
			);
			path = ViewModel;
			sourceTree = "<group>";
		};
		D0CFBBBA235CBB26005C6538 /* Coordinator */ = {
			isa = PBXGroup;
			children = (
				D0DE72FA235CC60D00248BAC /* MovieListCoordinatorTest.swift */,
			);
			path = Coordinator;
			sourceTree = "<group>";
		};
		D0DE72F0235CBD7900248BAC /* Mocks */ = {
			isa = PBXGroup;
			children = (
				D0DE72FC235CCA4400248BAC /* Coordinator */,
				D0DE72F7235CC05E00248BAC /* Local */,
				D0DE72F4235CBF5200248BAC /* Network */,
				D0DE72F3235CBF4500248BAC /* Repositories */,
			);
			path = Mocks;
			sourceTree = "<group>";
		};
		D0DE72F3235CBF4500248BAC /* Repositories */ = {
			isa = PBXGroup;
			children = (
				D0DE72F1235CBD9200248BAC /* MovieListRepositoryMock.swift */,
				D0DE7309235CD3DA00248BAC /* MovieDetailRepositoryMock.swift */,
			);
			path = Repositories;
			sourceTree = "<group>";
		};
		D0DE72F4235CBF5200248BAC /* Network */ = {
			isa = PBXGroup;
			children = (
				D0DE72F5235CBF6800248BAC /* APIClientMock.swift */,
			);
			path = Network;
			sourceTree = "<group>";
		};
		D0DE72F7235CC05E00248BAC /* Local */ = {
			isa = PBXGroup;
			children = (
				D0DE72F8235CC08700248BAC /* MovieListLocalMock.swift */,
			);
			path = Local;
			sourceTree = "<group>";
		};
		D0DE72FC235CCA4400248BAC /* Coordinator */ = {
			isa = PBXGroup;
			children = (
				D0DE72FD235CCA6000248BAC /* UINavigationControllerMock.swift */,
			);
			path = Coordinator;
			sourceTree = "<group>";
		};
		D0DE7301235CD28600248BAC /* Coordinator */ = {
			isa = PBXGroup;
			children = (
				D0DE7305235CD2FB00248BAC /* MovieDetailCoordinatorTest.swift */,
			);
			path = Coordinator;
			sourceTree = "<group>";
		};
		D0DE7302235CD29200248BAC /* ViewModel */ = {
			isa = PBXGroup;
			children = (
				D0DE7307235CD38D00248BAC /* MovieDetailViewModelTest.swift */,
			);
			path = ViewModel;
			sourceTree = "<group>";
		};
		D0DE7304235CD2AB00248BAC /* View */ = {
			isa = PBXGroup;
			children = (
				D0DE730B235CD98300248BAC /* MovieDetailViewModelCellTest.swift */,
			);
			path = View;
			sourceTree = "<group>";
		};
		D0DE730D235CE1C700248BAC /* Extensions */ = {
			isa = PBXGroup;
			children = (
				D0DE730E235CE1E700248BAC /* XCTest+extensions.swift */,
				D0DE7310235CE20200248BAC /* XCUIApplication+extensions.swift */,
				D0DE731E235CE71F00248BAC /* XCUIElement+extensions.swift */,
			);
			path = Extensions;
			sourceTree = "<group>";
		};
		D0DE7312235CE22600248BAC /* Modules */ = {
			isa = PBXGroup;
			children = (
				D0DE7313235CE22E00248BAC /* List */,
			);
			path = Modules;
			sourceTree = "<group>";
		};
		D0DE7313235CE22E00248BAC /* List */ = {
			isa = PBXGroup;
			children = (
				D0DE731C235CE49000248BAC /* MovieListUITest.swift */,
			);
			path = List;
			sourceTree = "<group>";
		};
		D0DE7318235CE2D500248BAC /* AccesibiityTest */ = {
			isa = PBXGroup;
			children = (
				D0DE7319235CE2E900248BAC /* TestConstants.swift */,
			);
			path = AccesibiityTest;
			sourceTree = "<group>";
		};
		D1F367CCA5AAB790D88CA1B6 /* Pods */ = {
			isa = PBXGroup;
			children = (
				C84C27F349CCCB7077FF3D1C /* Pods-MovieDB.debug.xcconfig */,
				569D363AC2BD2B271386A8B1 /* Pods-MovieDB.release.xcconfig */,
				F6AA9B75BF1F73607FE3F34D /* Pods-MovieDBTests.debug.xcconfig */,
				D00A5D138486204F8A5FF36B /* Pods-MovieDBTests.release.xcconfig */,
				B594EDA89517BCAE668B7486 /* Pods-MovieDBUITests.debug.xcconfig */,
				B34EBAE0CAB6AB41BA430ED7 /* Pods-MovieDBUITests.release.xcconfig */,
			);
			path = Pods;
			sourceTree = "<group>";
		};
/* End PBXGroup section */

/* Begin PBXNativeTarget section */
		B840C3AF235A0218006E1D1E /* MovieDB */ = {
			isa = PBXNativeTarget;
			buildConfigurationList = B840C3DA235A0219006E1D1E /* Build configuration list for PBXNativeTarget "MovieDB" */;
			buildPhases = (
				2A1FC79E5B77A2844001DE2C /* [CP] Check Pods Manifest.lock */,
				B840C3AC235A0218006E1D1E /* Sources */,
				B840C3AD235A0218006E1D1E /* Frameworks */,
				B840C3AE235A0218006E1D1E /* Resources */,
				3A607E7E47300883CBA84DCE /* [CP] Embed Pods Frameworks */,
			);
			buildRules = (
			);
			dependencies = (
			);
			name = MovieDB;
			productName = MovieDB;
			productReference = B840C3B0235A0218006E1D1E /* MovieDB.app */;
			productType = "com.apple.product-type.application";
		};
		B840C3C5235A0219006E1D1E /* MovieDBTests */ = {
			isa = PBXNativeTarget;
			buildConfigurationList = B840C3DD235A0219006E1D1E /* Build configuration list for PBXNativeTarget "MovieDBTests" */;
			buildPhases = (
				9FA25045F083B830B1AE0DAF /* [CP] Check Pods Manifest.lock */,
				B840C3C2235A0219006E1D1E /* Sources */,
				B840C3C3235A0219006E1D1E /* Frameworks */,
				B840C3C4235A0219006E1D1E /* Resources */,
				634A57ABF139CA0516F0D8DF /* [CP] Embed Pods Frameworks */,
			);
			buildRules = (
			);
			dependencies = (
				B840C3C8235A0219006E1D1E /* PBXTargetDependency */,
			);
			name = MovieDBTests;
			productName = MovieDBTests;
			productReference = B840C3C6235A0219006E1D1E /* MovieDBTests.xctest */;
			productType = "com.apple.product-type.bundle.unit-test";
		};
		B840C3D0235A0219006E1D1E /* MovieDBUITests */ = {
			isa = PBXNativeTarget;
			buildConfigurationList = B840C3E0235A0219006E1D1E /* Build configuration list for PBXNativeTarget "MovieDBUITests" */;
			buildPhases = (
				4DAFCB16641CBFD4FF35ADBB /* [CP] Check Pods Manifest.lock */,
				B840C3CD235A0219006E1D1E /* Sources */,
				B840C3CE235A0219006E1D1E /* Frameworks */,
				B840C3CF235A0219006E1D1E /* Resources */,
				CC78DD41B26484EAE40F6843 /* [CP] Embed Pods Frameworks */,
			);
			buildRules = (
			);
			dependencies = (
				B840C3D3235A0219006E1D1E /* PBXTargetDependency */,
			);
			name = MovieDBUITests;
			productName = MovieDBUITests;
			productReference = B840C3D1235A0219006E1D1E /* MovieDBUITests.xctest */;
			productType = "com.apple.product-type.bundle.ui-testing";
		};
/* End PBXNativeTarget section */

/* Begin PBXProject section */
		B840C3A8235A0218006E1D1E /* Project object */ = {
			isa = PBXProject;
			attributes = {
				LastSwiftUpdateCheck = 1110;
				LastUpgradeCheck = 1110;
				ORGANIZATIONNAME = "Juan Miguel Marques Morilla";
				TargetAttributes = {
					B840C3AF235A0218006E1D1E = {
						CreatedOnToolsVersion = 11.1;
					};
					B840C3C5235A0219006E1D1E = {
						CreatedOnToolsVersion = 11.1;
						TestTargetID = B840C3AF235A0218006E1D1E;
					};
					B840C3D0235A0219006E1D1E = {
						CreatedOnToolsVersion = 11.1;
						TestTargetID = B840C3AF235A0218006E1D1E;
					};
				};
			};
			buildConfigurationList = B840C3AB235A0218006E1D1E /* Build configuration list for PBXProject "MovieDB" */;
			compatibilityVersion = "Xcode 9.3";
			developmentRegion = en;
			hasScannedForEncodings = 0;
			knownRegions = (
				en,
				Base,
				es,
			);
			mainGroup = B840C3A7235A0218006E1D1E;
			productRefGroup = B840C3B1235A0218006E1D1E /* Products */;
			projectDirPath = "";
			projectRoot = "";
			targets = (
				B840C3AF235A0218006E1D1E /* MovieDB */,
				B840C3C5235A0219006E1D1E /* MovieDBTests */,
				B840C3D0235A0219006E1D1E /* MovieDBUITests */,
			);
		};
/* End PBXProject section */

/* Begin PBXResourcesBuildPhase section */
		B840C3AE235A0218006E1D1E /* Resources */ = {
			isa = PBXResourcesBuildPhase;
			buildActionMask = 2147483647;
			files = (
				D0CFBB99235CB738005C6538 /* MovieListCell.xib in Resources */,
				B840C3C0235A0219006E1D1E /* LaunchScreen.storyboard in Resources */,
				D021CF12235C70DC00196E1F /* Localizable.strings in Resources */,
				D0CFBB93235CB738005C6538 /* MovieDetailCell.xib in Resources */,
				B840C3BD235A0219006E1D1E /* Assets.xcassets in Resources */,
				D021CF52235C711A00196E1F /* Main.storyboard in Resources */,
			);
			runOnlyForDeploymentPostprocessing = 0;
		};
		B840C3C4235A0219006E1D1E /* Resources */ = {
			isa = PBXResourcesBuildPhase;
			buildActionMask = 2147483647;
			files = (
			);
			runOnlyForDeploymentPostprocessing = 0;
		};
		B840C3CF235A0219006E1D1E /* Resources */ = {
			isa = PBXResourcesBuildPhase;
			buildActionMask = 2147483647;
			files = (
			);
			runOnlyForDeploymentPostprocessing = 0;
		};
/* End PBXResourcesBuildPhase section */

/* Begin PBXShellScriptBuildPhase section */
		2A1FC79E5B77A2844001DE2C /* [CP] Check Pods Manifest.lock */ = {
			isa = PBXShellScriptBuildPhase;
			buildActionMask = 2147483647;
			files = (
			);
			inputFileListPaths = (
			);
			inputPaths = (
				"${PODS_PODFILE_DIR_PATH}/Podfile.lock",
				"${PODS_ROOT}/Manifest.lock",
			);
			name = "[CP] Check Pods Manifest.lock";
			outputFileListPaths = (
			);
			outputPaths = (
				"$(DERIVED_FILE_DIR)/Pods-MovieDB-checkManifestLockResult.txt",
			);
			runOnlyForDeploymentPostprocessing = 0;
			shellPath = /bin/sh;
			shellScript = "diff \"${PODS_PODFILE_DIR_PATH}/Podfile.lock\" \"${PODS_ROOT}/Manifest.lock\" > /dev/null\nif [ $? != 0 ] ; then\n    # print error to STDERR\n    echo \"error: The sandbox is not in sync with the Podfile.lock. Run 'pod install' or update your CocoaPods installation.\" >&2\n    exit 1\nfi\n# This output is used by Xcode 'outputs' to avoid re-running this script phase.\necho \"SUCCESS\" > \"${SCRIPT_OUTPUT_FILE_0}\"\n";
			showEnvVarsInLog = 0;
		};
		3A607E7E47300883CBA84DCE /* [CP] Embed Pods Frameworks */ = {
			isa = PBXShellScriptBuildPhase;
			buildActionMask = 2147483647;
			files = (
			);
			inputFileListPaths = (
				"${PODS_ROOT}/Target Support Files/Pods-MovieDB/Pods-MovieDB-frameworks-${CONFIGURATION}-input-files.xcfilelist",
			);
			name = "[CP] Embed Pods Frameworks";
			outputFileListPaths = (
				"${PODS_ROOT}/Target Support Files/Pods-MovieDB/Pods-MovieDB-frameworks-${CONFIGURATION}-output-files.xcfilelist",
			);
			runOnlyForDeploymentPostprocessing = 0;
			shellPath = /bin/sh;
			shellScript = "\"${PODS_ROOT}/Target Support Files/Pods-MovieDB/Pods-MovieDB-frameworks.sh\"\n";
			showEnvVarsInLog = 0;
		};
		4DAFCB16641CBFD4FF35ADBB /* [CP] Check Pods Manifest.lock */ = {
			isa = PBXShellScriptBuildPhase;
			buildActionMask = 2147483647;
			files = (
			);
			inputFileListPaths = (
			);
			inputPaths = (
				"${PODS_PODFILE_DIR_PATH}/Podfile.lock",
				"${PODS_ROOT}/Manifest.lock",
			);
			name = "[CP] Check Pods Manifest.lock";
			outputFileListPaths = (
			);
			outputPaths = (
				"$(DERIVED_FILE_DIR)/Pods-MovieDBUITests-checkManifestLockResult.txt",
			);
			runOnlyForDeploymentPostprocessing = 0;
			shellPath = /bin/sh;
			shellScript = "diff \"${PODS_PODFILE_DIR_PATH}/Podfile.lock\" \"${PODS_ROOT}/Manifest.lock\" > /dev/null\nif [ $? != 0 ] ; then\n    # print error to STDERR\n    echo \"error: The sandbox is not in sync with the Podfile.lock. Run 'pod install' or update your CocoaPods installation.\" >&2\n    exit 1\nfi\n# This output is used by Xcode 'outputs' to avoid re-running this script phase.\necho \"SUCCESS\" > \"${SCRIPT_OUTPUT_FILE_0}\"\n";
			showEnvVarsInLog = 0;
		};
		634A57ABF139CA0516F0D8DF /* [CP] Embed Pods Frameworks */ = {
			isa = PBXShellScriptBuildPhase;
			buildActionMask = 2147483647;
			files = (
			);
			inputFileListPaths = (
				"${PODS_ROOT}/Target Support Files/Pods-MovieDBTests/Pods-MovieDBTests-frameworks-${CONFIGURATION}-input-files.xcfilelist",
			);
			name = "[CP] Embed Pods Frameworks";
			outputFileListPaths = (
				"${PODS_ROOT}/Target Support Files/Pods-MovieDBTests/Pods-MovieDBTests-frameworks-${CONFIGURATION}-output-files.xcfilelist",
			);
			runOnlyForDeploymentPostprocessing = 0;
			shellPath = /bin/sh;
			shellScript = "\"${PODS_ROOT}/Target Support Files/Pods-MovieDBTests/Pods-MovieDBTests-frameworks.sh\"\n";
			showEnvVarsInLog = 0;
		};
		9FA25045F083B830B1AE0DAF /* [CP] Check Pods Manifest.lock */ = {
			isa = PBXShellScriptBuildPhase;
			buildActionMask = 2147483647;
			files = (
			);
			inputFileListPaths = (
			);
			inputPaths = (
				"${PODS_PODFILE_DIR_PATH}/Podfile.lock",
				"${PODS_ROOT}/Manifest.lock",
			);
			name = "[CP] Check Pods Manifest.lock";
			outputFileListPaths = (
			);
			outputPaths = (
				"$(DERIVED_FILE_DIR)/Pods-MovieDBTests-checkManifestLockResult.txt",
			);
			runOnlyForDeploymentPostprocessing = 0;
			shellPath = /bin/sh;
			shellScript = "diff \"${PODS_PODFILE_DIR_PATH}/Podfile.lock\" \"${PODS_ROOT}/Manifest.lock\" > /dev/null\nif [ $? != 0 ] ; then\n    # print error to STDERR\n    echo \"error: The sandbox is not in sync with the Podfile.lock. Run 'pod install' or update your CocoaPods installation.\" >&2\n    exit 1\nfi\n# This output is used by Xcode 'outputs' to avoid re-running this script phase.\necho \"SUCCESS\" > \"${SCRIPT_OUTPUT_FILE_0}\"\n";
			showEnvVarsInLog = 0;
		};
		CC78DD41B26484EAE40F6843 /* [CP] Embed Pods Frameworks */ = {
			isa = PBXShellScriptBuildPhase;
			buildActionMask = 2147483647;
			files = (
			);
			inputFileListPaths = (
				"${PODS_ROOT}/Target Support Files/Pods-MovieDBUITests/Pods-MovieDBUITests-frameworks-${CONFIGURATION}-input-files.xcfilelist",
			);
			name = "[CP] Embed Pods Frameworks";
			outputFileListPaths = (
				"${PODS_ROOT}/Target Support Files/Pods-MovieDBUITests/Pods-MovieDBUITests-frameworks-${CONFIGURATION}-output-files.xcfilelist",
			);
			runOnlyForDeploymentPostprocessing = 0;
			shellPath = /bin/sh;
			shellScript = "\"${PODS_ROOT}/Target Support Files/Pods-MovieDBUITests/Pods-MovieDBUITests-frameworks.sh\"\n";
			showEnvVarsInLog = 0;
		};
/* End PBXShellScriptBuildPhase section */

/* Begin PBXSourcesBuildPhase section */
		B840C3AC235A0218006E1D1E /* Sources */ = {
			isa = PBXSourcesBuildPhase;
			buildActionMask = 2147483647;
			files = (
				D0CFBB91235CB738005C6538 /* MovieDetailCoordinator.swift in Sources */,
				D0CFBB67235CA041005C6538 /* Encodable+extensions.swift in Sources */,
				D021CF19235C70DC00196E1F /* AppDelegate.swift in Sources */,
				D0CFBB98235CB738005C6538 /* MovieListViewModelCell.swift in Sources */,
				D021CF13235C70DC00196E1F /* AppCoordinator.swift in Sources */,
				D021CF18235C70DC00196E1F /* APIRequest.swift in Sources */,
				D0CFBBB4235CB74D005C6538 /* MovieListRequest.swift in Sources */,
				D0CFBB96235CB738005C6538 /* MovieListViewModel.swift in Sources */,
				D021CF15235C70DC00196E1F /* APIError.swift in Sources */,
				D0CFBB90235CB738005C6538 /* MovieDetailViewModel.swift in Sources */,
				D0CFBBAE235CB74D005C6538 /* MovieDetailRepository.swift in Sources */,
				D0CFBBAF235CB74D005C6538 /* MovieDetailResponse.swift in Sources */,
				D0CFBB9A235CB738005C6538 /* MovieListCell.swift in Sources */,
				D021CF17235C70DC00196E1F /* APIConstants.swift in Sources */,
				D0CFBB94235CB738005C6538 /* MovieDetailCell.swift in Sources */,
				D0CFBBB1235CB74D005C6538 /* MovieListLocal.swift in Sources */,
				D0CFBB92235CB738005C6538 /* MovieDetailViewModelCell.swift in Sources */,
				D0CFBB8E235CB738005C6538 /* LoadingViewController.swift in Sources */,
				D0CFBB97235CB738005C6538 /* MovieListCoordinator.swift in Sources */,
				D0CFBB95235CB738005C6538 /* MovieDetailViewController.swift in Sources */,
				D0CFBB9B235CB738005C6538 /* MovieListViewController.swift in Sources */,
				D0CFBBB2235CB74D005C6538 /* MovieListRepository.swift in Sources */,
				D0CFBBB0235CB74D005C6538 /* MovieDetailRequest.swift in Sources */,
				D021CF16235C70DC00196E1F /* APIClient.swift in Sources */,
				D0CFBB3A235C76B5005C6538 /* UIViewController+extensions.swift in Sources */,
				D0400917235D02FF00C18939 /* UserDefaults+extensions.swift in Sources */,
				D021CF14235C70DC00196E1F /* CoordinatorProtocol.swift in Sources */,
				D0CFBB8F235CB738005C6538 /* ErrorViewController.swift in Sources */,
				D021CF51235C711A00196E1F /* LayoutConstants.swift in Sources */,
				D0400915235CFEF600C18939 /* Reachability.swift in Sources */,
				D0DE731A235CE2E900248BAC /* TestConstants.swift in Sources */,
				D021CF53235C711A00196E1F /* Storyboarded.swift in Sources */,
				D0CFBBB3235CB74D005C6538 /* MovieListResponse.swift in Sources */,
			);
			runOnlyForDeploymentPostprocessing = 0;
		};
		B840C3C2235A0219006E1D1E /* Sources */ = {
			isa = PBXSourcesBuildPhase;
			buildActionMask = 2147483647;
			files = (
				D0DE72F9235CC08700248BAC /* MovieListLocalMock.swift in Sources */,
				D0DE72F6235CBF6800248BAC /* APIClientMock.swift in Sources */,
				D0DE72FB235CC60D00248BAC /* MovieListCoordinatorTest.swift in Sources */,
				D0CFBBBC235CBB6A005C6538 /* MovieListViewModelTest.swift in Sources */,
				D0DE7306235CD2FB00248BAC /* MovieDetailCoordinatorTest.swift in Sources */,
				D0DE72FE235CCA6000248BAC /* UINavigationControllerMock.swift in Sources */,
				D0DE7300235CCFE900248BAC /* MovieListViewModelCellTest.swift in Sources */,
				D0DE7308235CD38D00248BAC /* MovieDetailViewModelTest.swift in Sources */,
				D0DE72F2235CBD9200248BAC /* MovieListRepositoryMock.swift in Sources */,
				D0DE730C235CD98300248BAC /* MovieDetailViewModelCellTest.swift in Sources */,
				D0DE730A235CD3DA00248BAC /* MovieDetailRepositoryMock.swift in Sources */,
			);
			runOnlyForDeploymentPostprocessing = 0;
		};
		B840C3CD235A0219006E1D1E /* Sources */ = {
			isa = PBXSourcesBuildPhase;
			buildActionMask = 2147483647;
			files = (
				D0DE731D235CE49000248BAC /* MovieListUITest.swift in Sources */,
				D0DE7315235CE26800248BAC /* BaseUITest.swift in Sources */,
				D0DE731B235CE43700248BAC /* TestConstants.swift in Sources */,
				D0DE7311235CE20200248BAC /* XCUIApplication+extensions.swift in Sources */,
				D0DE7317235CE29900248BAC /* MovieDBUIApplication.swift in Sources */,
				D0DE731F235CE71F00248BAC /* XCUIElement+extensions.swift in Sources */,
				D0DE730F235CE1E700248BAC /* XCTest+extensions.swift in Sources */,
			);
			runOnlyForDeploymentPostprocessing = 0;
		};
/* End PBXSourcesBuildPhase section */

/* Begin PBXTargetDependency section */
		B840C3C8235A0219006E1D1E /* PBXTargetDependency */ = {
			isa = PBXTargetDependency;
			target = B840C3AF235A0218006E1D1E /* MovieDB */;
			targetProxy = B840C3C7235A0219006E1D1E /* PBXContainerItemProxy */;
		};
		B840C3D3235A0219006E1D1E /* PBXTargetDependency */ = {
			isa = PBXTargetDependency;
			target = B840C3AF235A0218006E1D1E /* MovieDB */;
			targetProxy = B840C3D2235A0219006E1D1E /* PBXContainerItemProxy */;
		};
/* End PBXTargetDependency section */

/* Begin PBXVariantGroup section */
		B840C3BE235A0219006E1D1E /* LaunchScreen.storyboard */ = {
			isa = PBXVariantGroup;
			children = (
				B840C3BF235A0219006E1D1E /* Base */,
			);
			name = LaunchScreen.storyboard;
			sourceTree = "<group>";
		};
		D021CF05235C70DC00196E1F /* Localizable.strings */ = {
			isa = PBXVariantGroup;
			children = (
				D021CF06235C70DC00196E1F /* en */,
				D021CF0A235C70DC00196E1F /* es */,
			);
			name = Localizable.strings;
			sourceTree = "<group>";
		};
		D021CF4D235C711A00196E1F /* Main.storyboard */ = {
			isa = PBXVariantGroup;
			children = (
				D021CF4E235C711A00196E1F /* Base */,
			);
			name = Main.storyboard;
			sourceTree = "<group>";
		};
/* End PBXVariantGroup section */

/* Begin XCBuildConfiguration section */
		B840C3D8235A0219006E1D1E /* Debug */ = {
			isa = XCBuildConfiguration;
			buildSettings = {
				ALWAYS_EMBED_SWIFT_STANDARD_LIBRARIES = NO;
				ALWAYS_SEARCH_USER_PATHS = NO;
				CLANG_ANALYZER_LOCALIZABILITY_NONLOCALIZED = YES;
				CLANG_ANALYZER_NONNULL = YES;
				CLANG_ANALYZER_NUMBER_OBJECT_CONVERSION = YES_AGGRESSIVE;
				CLANG_CXX_LANGUAGE_STANDARD = "gnu++14";
				CLANG_CXX_LIBRARY = "libc++";
				CLANG_ENABLE_MODULES = YES;
				CLANG_ENABLE_OBJC_ARC = YES;
				CLANG_ENABLE_OBJC_WEAK = YES;
				CLANG_WARN_BLOCK_CAPTURE_AUTORELEASING = YES;
				CLANG_WARN_BOOL_CONVERSION = YES;
				CLANG_WARN_COMMA = YES;
				CLANG_WARN_CONSTANT_CONVERSION = YES;
				CLANG_WARN_DEPRECATED_OBJC_IMPLEMENTATIONS = YES;
				CLANG_WARN_DIRECT_OBJC_ISA_USAGE = YES_ERROR;
				CLANG_WARN_DOCUMENTATION_COMMENTS = YES;
				CLANG_WARN_EMPTY_BODY = YES;
				CLANG_WARN_ENUM_CONVERSION = YES;
				CLANG_WARN_INFINITE_RECURSION = YES;
				CLANG_WARN_INT_CONVERSION = YES;
				CLANG_WARN_NON_LITERAL_NULL_CONVERSION = YES;
				CLANG_WARN_OBJC_IMPLICIT_RETAIN_SELF = YES;
				CLANG_WARN_OBJC_LITERAL_CONVERSION = YES;
				CLANG_WARN_OBJC_ROOT_CLASS = YES_ERROR;
				CLANG_WARN_RANGE_LOOP_ANALYSIS = YES;
				CLANG_WARN_STRICT_PROTOTYPES = YES;
				CLANG_WARN_SUSPICIOUS_MOVE = YES;
				CLANG_WARN_UNGUARDED_AVAILABILITY = YES_AGGRESSIVE;
				CLANG_WARN_UNREACHABLE_CODE = YES;
				CLANG_WARN__DUPLICATE_METHOD_MATCH = YES;
				COPY_PHASE_STRIP = NO;
				DEBUG_INFORMATION_FORMAT = dwarf;
				ENABLE_STRICT_OBJC_MSGSEND = YES;
				ENABLE_TESTABILITY = YES;
				GCC_C_LANGUAGE_STANDARD = gnu11;
				GCC_DYNAMIC_NO_PIC = NO;
				GCC_NO_COMMON_BLOCKS = YES;
				GCC_OPTIMIZATION_LEVEL = 0;
				GCC_PREPROCESSOR_DEFINITIONS = (
					"DEBUG=1",
					"$(inherited)",
				);
				GCC_WARN_64_TO_32_BIT_CONVERSION = YES;
				GCC_WARN_ABOUT_RETURN_TYPE = YES_ERROR;
				GCC_WARN_UNDECLARED_SELECTOR = YES;
				GCC_WARN_UNINITIALIZED_AUTOS = YES_AGGRESSIVE;
				GCC_WARN_UNUSED_FUNCTION = YES;
				GCC_WARN_UNUSED_VARIABLE = YES;
				IPHONEOS_DEPLOYMENT_TARGET = 13.1;
				MTL_ENABLE_DEBUG_INFO = INCLUDE_SOURCE;
				MTL_FAST_MATH = YES;
				ONLY_ACTIVE_ARCH = YES;
				SDKROOT = iphoneos;
				SWIFT_ACTIVE_COMPILATION_CONDITIONS = DEBUG;
				SWIFT_OPTIMIZATION_LEVEL = "-Onone";
			};
			name = Debug;
		};
		B840C3D9235A0219006E1D1E /* Release */ = {
			isa = XCBuildConfiguration;
			buildSettings = {
				ALWAYS_EMBED_SWIFT_STANDARD_LIBRARIES = NO;
				ALWAYS_SEARCH_USER_PATHS = NO;
				CLANG_ANALYZER_LOCALIZABILITY_NONLOCALIZED = YES;
				CLANG_ANALYZER_NONNULL = YES;
				CLANG_ANALYZER_NUMBER_OBJECT_CONVERSION = YES_AGGRESSIVE;
				CLANG_CXX_LANGUAGE_STANDARD = "gnu++14";
				CLANG_CXX_LIBRARY = "libc++";
				CLANG_ENABLE_MODULES = YES;
				CLANG_ENABLE_OBJC_ARC = YES;
				CLANG_ENABLE_OBJC_WEAK = YES;
				CLANG_WARN_BLOCK_CAPTURE_AUTORELEASING = YES;
				CLANG_WARN_BOOL_CONVERSION = YES;
				CLANG_WARN_COMMA = YES;
				CLANG_WARN_CONSTANT_CONVERSION = YES;
				CLANG_WARN_DEPRECATED_OBJC_IMPLEMENTATIONS = YES;
				CLANG_WARN_DIRECT_OBJC_ISA_USAGE = YES_ERROR;
				CLANG_WARN_DOCUMENTATION_COMMENTS = YES;
				CLANG_WARN_EMPTY_BODY = YES;
				CLANG_WARN_ENUM_CONVERSION = YES;
				CLANG_WARN_INFINITE_RECURSION = YES;
				CLANG_WARN_INT_CONVERSION = YES;
				CLANG_WARN_NON_LITERAL_NULL_CONVERSION = YES;
				CLANG_WARN_OBJC_IMPLICIT_RETAIN_SELF = YES;
				CLANG_WARN_OBJC_LITERAL_CONVERSION = YES;
				CLANG_WARN_OBJC_ROOT_CLASS = YES_ERROR;
				CLANG_WARN_RANGE_LOOP_ANALYSIS = YES;
				CLANG_WARN_STRICT_PROTOTYPES = YES;
				CLANG_WARN_SUSPICIOUS_MOVE = YES;
				CLANG_WARN_UNGUARDED_AVAILABILITY = YES_AGGRESSIVE;
				CLANG_WARN_UNREACHABLE_CODE = YES;
				CLANG_WARN__DUPLICATE_METHOD_MATCH = YES;
				COPY_PHASE_STRIP = NO;
				DEBUG_INFORMATION_FORMAT = "dwarf-with-dsym";
				ENABLE_NS_ASSERTIONS = NO;
				ENABLE_STRICT_OBJC_MSGSEND = YES;
				GCC_C_LANGUAGE_STANDARD = gnu11;
				GCC_NO_COMMON_BLOCKS = YES;
				GCC_WARN_64_TO_32_BIT_CONVERSION = YES;
				GCC_WARN_ABOUT_RETURN_TYPE = YES_ERROR;
				GCC_WARN_UNDECLARED_SELECTOR = YES;
				GCC_WARN_UNINITIALIZED_AUTOS = YES_AGGRESSIVE;
				GCC_WARN_UNUSED_FUNCTION = YES;
				GCC_WARN_UNUSED_VARIABLE = YES;
				IPHONEOS_DEPLOYMENT_TARGET = 13.1;
				MTL_ENABLE_DEBUG_INFO = NO;
				MTL_FAST_MATH = YES;
				SDKROOT = iphoneos;
				SWIFT_COMPILATION_MODE = wholemodule;
				SWIFT_OPTIMIZATION_LEVEL = "-O";
				VALIDATE_PRODUCT = YES;
			};
			name = Release;
		};
		B840C3DB235A0219006E1D1E /* Debug */ = {
			isa = XCBuildConfiguration;
			baseConfigurationReference = C84C27F349CCCB7077FF3D1C /* Pods-MovieDB.debug.xcconfig */;
			buildSettings = {
				ALWAYS_EMBED_SWIFT_STANDARD_LIBRARIES = "$(inherited)";
				ASSETCATALOG_COMPILER_APPICON_NAME = AppIcon;
				CODE_SIGN_STYLE = Automatic;
				DEVELOPMENT_TEAM = J98FW8N44Z;
				INFOPLIST_FILE = MovieDB/Info.plist;
				LD_RUNPATH_SEARCH_PATHS = (
					"$(inherited)",
					"@executable_path/Frameworks",
				);
				PRODUCT_BUNDLE_IDENTIFIER = com.imark.MovieDB;
				PRODUCT_NAME = "$(TARGET_NAME)";
				SWIFT_VERSION = 5.0;
				TARGETED_DEVICE_FAMILY = "1,2";
			};
			name = Debug;
		};
		B840C3DC235A0219006E1D1E /* Release */ = {
			isa = XCBuildConfiguration;
			baseConfigurationReference = 569D363AC2BD2B271386A8B1 /* Pods-MovieDB.release.xcconfig */;
			buildSettings = {
				ALWAYS_EMBED_SWIFT_STANDARD_LIBRARIES = "$(inherited)";
				ASSETCATALOG_COMPILER_APPICON_NAME = AppIcon;
				CODE_SIGN_STYLE = Automatic;
				DEVELOPMENT_TEAM = J98FW8N44Z;
				INFOPLIST_FILE = MovieDB/Info.plist;
				LD_RUNPATH_SEARCH_PATHS = (
					"$(inherited)",
					"@executable_path/Frameworks",
				);
				PRODUCT_BUNDLE_IDENTIFIER = com.imark.MovieDB;
				PRODUCT_NAME = "$(TARGET_NAME)";
				SWIFT_VERSION = 5.0;
				TARGETED_DEVICE_FAMILY = "1,2";
			};
			name = Release;
		};
		B840C3DE235A0219006E1D1E /* Debug */ = {
			isa = XCBuildConfiguration;
			baseConfigurationReference = F6AA9B75BF1F73607FE3F34D /* Pods-MovieDBTests.debug.xcconfig */;
			buildSettings = {
				ALWAYS_EMBED_SWIFT_STANDARD_LIBRARIES = "$(inherited)";
				BUNDLE_LOADER = "$(TEST_HOST)";
				CODE_SIGN_STYLE = Automatic;
				DEVELOPMENT_TEAM = J98FW8N44Z;
				INFOPLIST_FILE = MovieDBTests/Info.plist;
				IPHONEOS_DEPLOYMENT_TARGET = 13.1;
				LD_RUNPATH_SEARCH_PATHS = (
					"$(inherited)",
					"@executable_path/Frameworks",
					"@loader_path/Frameworks",
				);
				PRODUCT_BUNDLE_IDENTIFIER = com.imark.MovieDBTests;
				PRODUCT_NAME = "$(TARGET_NAME)";
				SWIFT_VERSION = 5.0;
				TARGETED_DEVICE_FAMILY = "1,2";
				TEST_HOST = "$(BUILT_PRODUCTS_DIR)/MovieDB.app/MovieDB";
			};
			name = Debug;
		};
		B840C3DF235A0219006E1D1E /* Release */ = {
			isa = XCBuildConfiguration;
			baseConfigurationReference = D00A5D138486204F8A5FF36B /* Pods-MovieDBTests.release.xcconfig */;
			buildSettings = {
				ALWAYS_EMBED_SWIFT_STANDARD_LIBRARIES = "$(inherited)";
				BUNDLE_LOADER = "$(TEST_HOST)";
				CODE_SIGN_STYLE = Automatic;
				DEVELOPMENT_TEAM = J98FW8N44Z;
				INFOPLIST_FILE = MovieDBTests/Info.plist;
				IPHONEOS_DEPLOYMENT_TARGET = 13.1;
				LD_RUNPATH_SEARCH_PATHS = (
					"$(inherited)",
					"@executable_path/Frameworks",
					"@loader_path/Frameworks",
				);
				PRODUCT_BUNDLE_IDENTIFIER = com.imark.MovieDBTests;
				PRODUCT_NAME = "$(TARGET_NAME)";
				SWIFT_VERSION = 5.0;
				TARGETED_DEVICE_FAMILY = "1,2";
				TEST_HOST = "$(BUILT_PRODUCTS_DIR)/MovieDB.app/MovieDB";
			};
			name = Release;
		};
		B840C3E1235A0219006E1D1E /* Debug */ = {
			isa = XCBuildConfiguration;
			baseConfigurationReference = B594EDA89517BCAE668B7486 /* Pods-MovieDBUITests.debug.xcconfig */;
			buildSettings = {
				ALWAYS_EMBED_SWIFT_STANDARD_LIBRARIES = "$(inherited)";
				CODE_SIGN_STYLE = Automatic;
				DEVELOPMENT_TEAM = J98FW8N44Z;
				INFOPLIST_FILE = MovieDBUITests/Info.plist;
				LD_RUNPATH_SEARCH_PATHS = (
					"$(inherited)",
					"@executable_path/Frameworks",
					"@loader_path/Frameworks",
				);
				PRODUCT_BUNDLE_IDENTIFIER = com.imark.MovieDBUITests;
				PRODUCT_NAME = "$(TARGET_NAME)";
				SWIFT_VERSION = 5.0;
				TARGETED_DEVICE_FAMILY = "1,2";
				TEST_TARGET_NAME = MovieDB;
			};
			name = Debug;
		};
		B840C3E2235A0219006E1D1E /* Release */ = {
			isa = XCBuildConfiguration;
			baseConfigurationReference = B34EBAE0CAB6AB41BA430ED7 /* Pods-MovieDBUITests.release.xcconfig */;
			buildSettings = {
				ALWAYS_EMBED_SWIFT_STANDARD_LIBRARIES = "$(inherited)";
				CODE_SIGN_STYLE = Automatic;
				DEVELOPMENT_TEAM = J98FW8N44Z;
				INFOPLIST_FILE = MovieDBUITests/Info.plist;
				LD_RUNPATH_SEARCH_PATHS = (
					"$(inherited)",
					"@executable_path/Frameworks",
					"@loader_path/Frameworks",
				);
				PRODUCT_BUNDLE_IDENTIFIER = com.imark.MovieDBUITests;
				PRODUCT_NAME = "$(TARGET_NAME)";
				SWIFT_VERSION = 5.0;
				TARGETED_DEVICE_FAMILY = "1,2";
				TEST_TARGET_NAME = MovieDB;
			};
			name = Release;
		};
/* End XCBuildConfiguration section */

/* Begin XCConfigurationList section */
		B840C3AB235A0218006E1D1E /* Build configuration list for PBXProject "MovieDB" */ = {
			isa = XCConfigurationList;
			buildConfigurations = (
				B840C3D8235A0219006E1D1E /* Debug */,
				B840C3D9235A0219006E1D1E /* Release */,
			);
			defaultConfigurationIsVisible = 0;
			defaultConfigurationName = Release;
		};
		B840C3DA235A0219006E1D1E /* Build configuration list for PBXNativeTarget "MovieDB" */ = {
			isa = XCConfigurationList;
			buildConfigurations = (
				B840C3DB235A0219006E1D1E /* Debug */,
				B840C3DC235A0219006E1D1E /* Release */,
			);
			defaultConfigurationIsVisible = 0;
			defaultConfigurationName = Release;
		};
		B840C3DD235A0219006E1D1E /* Build configuration list for PBXNativeTarget "MovieDBTests" */ = {
			isa = XCConfigurationList;
			buildConfigurations = (
				B840C3DE235A0219006E1D1E /* Debug */,
				B840C3DF235A0219006E1D1E /* Release */,
			);
			defaultConfigurationIsVisible = 0;
			defaultConfigurationName = Release;
		};
		B840C3E0235A0219006E1D1E /* Build configuration list for PBXNativeTarget "MovieDBUITests" */ = {
			isa = XCConfigurationList;
			buildConfigurations = (
				B840C3E1235A0219006E1D1E /* Debug */,
				B840C3E2235A0219006E1D1E /* Release */,
			);
			defaultConfigurationIsVisible = 0;
			defaultConfigurationName = Release;
		};
/* End XCConfigurationList section */
	};
	rootObject = B840C3A8235A0218006E1D1E /* Project object */;
}
